// !$*UTF8*$!
{
	archiveVersion = 1;
	classes = {
	};
	objectVersion = 77;
	objects = {

/* Begin PBXBuildFile section */
		ED3102842CEF651E00DEC9C4 /* SHLoading.swift in Sources */ = {isa = PBXBuildFile; fileRef = ED3102832CEF651200DEC9C4 /* SHLoading.swift */; };
		ED3102872CEF65E500DEC9C4 /* SHLoadingSampleView.swift in Sources */ = {isa = PBXBuildFile; fileRef = ED3102852CEF65E500DEC9C4 /* SHLoadingSampleView.swift */; };
		ED31028D2CEF752100DEC9C4 /* SHLoadingView.swift in Sources */ = {isa = PBXBuildFile; fileRef = ED31028C2CEF751A00DEC9C4 /* SHLoadingView.swift */; };
		EDA01B8A2CE5964000740E56 /* SHShortcutButton.swift in Sources */ = {isa = PBXBuildFile; fileRef = EDA01B892CE5963500740E56 /* SHShortcutButton.swift */; };
		EDA01B8E2CE5991B00740E56 /* SHShortcutSampleView.swift in Sources */ = {isa = PBXBuildFile; fileRef = EDA01B8D2CE5991B00740E56 /* SHShortcutSampleView.swift */; };
		EDA01B942CE61BA200740E56 /* SHContainerSampleView.swift in Sources */ = {isa = PBXBuildFile; fileRef = EDA01B932CE61B9100740E56 /* SHContainerSampleView.swift */; };
		EDD253B02CE5138A008C2B23 /* SharpnezDesignSystem.h in Headers */ = {isa = PBXBuildFile; fileRef = EDD253AD2CE5138A008C2B23 /* SharpnezDesignSystem.h */; settings = {ATTRIBUTES = (Public, ); }; };
		EDD253B12CE5138A008C2B23 /* SharpnezDesignSystem.docc in Sources */ = {isa = PBXBuildFile; fileRef = EDD253AE2CE5138A008C2B23 /* SharpnezDesignSystem.docc */; };
		EDD253D62CE51453008C2B23 /* ViewStatus.swift in Sources */ = {isa = PBXBuildFile; fileRef = EDD253D32CE51453008C2B23 /* ViewStatus.swift */; };
		EDD253DA2CE51453008C2B23 /* DSConstants.swift in Sources */ = {isa = PBXBuildFile; fileRef = EDD253B32CE51453008C2B23 /* DSConstants.swift */; };
		EDD253DB2CE51453008C2B23 /* Color+DS+extensions.swift in Sources */ = {isa = PBXBuildFile; fileRef = EDD253B82CE51453008C2B23 /* Color+DS+extensions.swift */; };
		EDD253DD2CE51453008C2B23 /* CGFloat+DS+extensions.swift in Sources */ = {isa = PBXBuildFile; fileRef = EDD253B72CE51453008C2B23 /* CGFloat+DS+extensions.swift */; };
		EDD253DF2CE51453008C2B23 /* DesignSystemConfiguration.swift in Sources */ = {isa = PBXBuildFile; fileRef = EDD253B52CE51453008C2B23 /* DesignSystemConfiguration.swift */; };
		EDD253E22CE51453008C2B23 /* SHLabel.swift in Sources */ = {isa = PBXBuildFile; fileRef = EDD253BD2CE51453008C2B23 /* SHLabel.swift */; };
		EDD253E42CE51453008C2B23 /* SHButton.swift in Sources */ = {isa = PBXBuildFile; fileRef = EDD253BB2CE51453008C2B23 /* SHButton.swift */; };
		EDD253E82CE51453008C2B23 /* UIFont+DS+extensions.swift in Sources */ = {isa = PBXBuildFile; fileRef = EDD253B92CE51453008C2B23 /* UIFont+DS+extensions.swift */; };
		EDD253F12CE5145C008C2B23 /* Poppins-Regular.ttf in Resources */ = {isa = PBXBuildFile; fileRef = EDD253EF2CE5145C008C2B23 /* Poppins-Regular.ttf */; };
		EDD253F22CE5145C008C2B23 /* Montserrat-Bold.ttf in Resources */ = {isa = PBXBuildFile; fileRef = EDD253EA2CE5145C008C2B23 /* Montserrat-Bold.ttf */; };
		EDD253F32CE5145C008C2B23 /* Montserrat-Medium.ttf in Resources */ = {isa = PBXBuildFile; fileRef = EDD253EB2CE5145C008C2B23 /* Montserrat-Medium.ttf */; };
		EDD253F42CE5145C008C2B23 /* Montserrat-Regular.ttf in Resources */ = {isa = PBXBuildFile; fileRef = EDD253EC2CE5145C008C2B23 /* Montserrat-Regular.ttf */; };
		EDD253F52CE5145C008C2B23 /* Poppins-Bold.ttf in Resources */ = {isa = PBXBuildFile; fileRef = EDD253ED2CE5145C008C2B23 /* Poppins-Bold.ttf */; };
		EDD253F62CE5145C008C2B23 /* Poppins-Medium.ttf in Resources */ = {isa = PBXBuildFile; fileRef = EDD253EE2CE5145C008C2B23 /* Poppins-Medium.ttf */; };
		EDD2540F2CE51612008C2B23 /* HomeView.swift in Sources */ = {isa = PBXBuildFile; fileRef = EDD2540C2CE51612008C2B23 /* HomeView.swift */; };
		EDD254102CE51612008C2B23 /* SwiftUISampleApp.swift in Sources */ = {isa = PBXBuildFile; fileRef = EDD2540D2CE51612008C2B23 /* SwiftUISampleApp.swift */; };
		EDD254112CE51612008C2B23 /* Preview Assets.xcassets in Resources */ = {isa = PBXBuildFile; fileRef = EDD254092CE51612008C2B23 /* Preview Assets.xcassets */; };
		EDD254122CE51612008C2B23 /* Assets.xcassets in Resources */ = {isa = PBXBuildFile; fileRef = EDD2540B2CE51612008C2B23 /* Assets.xcassets */; };
		EDD254142CE51653008C2B23 /* SharpnezDesignSystem.framework in Frameworks */ = {isa = PBXBuildFile; fileRef = EDD253A02CE5137E008C2B23 /* SharpnezDesignSystem.framework */; };
		EDD254152CE51653008C2B23 /* SharpnezDesignSystem.framework in Embed Frameworks */ = {isa = PBXBuildFile; fileRef = EDD253A02CE5137E008C2B23 /* SharpnezDesignSystem.framework */; settings = {ATTRIBUTES = (CodeSignOnCopy, RemoveHeadersOnCopy, ); }; };
		EDD2541F2CE51F78008C2B23 /* AppDelegate.swift in Sources */ = {isa = PBXBuildFile; fileRef = EDD2541E2CE51F6F008C2B23 /* AppDelegate.swift */; };
		EDD254222CE51FF9008C2B23 /* SampleItem.swift in Sources */ = {isa = PBXBuildFile; fileRef = EDD254212CE51FF9008C2B23 /* SampleItem.swift */; };
		EDD254252CE52024008C2B23 /* ViewStatusSampleView.swift in Sources */ = {isa = PBXBuildFile; fileRef = EDD254232CE52024008C2B23 /* ViewStatusSampleView.swift */; };
		EDD254282CE52034008C2B23 /* FlavorColorsView.swift in Sources */ = {isa = PBXBuildFile; fileRef = EDD254262CE52034008C2B23 /* FlavorColorsView.swift */; };
		EDD2542B2CE5203A008C2B23 /* FontsView.swift in Sources */ = {isa = PBXBuildFile; fileRef = EDD254292CE5203A008C2B23 /* FontsView.swift */; };
		EDD2542E2CE5203F008C2B23 /* SHLabelSampleView.swift in Sources */ = {isa = PBXBuildFile; fileRef = EDD2542C2CE5203F008C2B23 /* SHLabelSampleView.swift */; };
		EDD254312CE52045008C2B23 /* SHButtonSampleView.swift in Sources */ = {isa = PBXBuildFile; fileRef = EDD2542F2CE52045008C2B23 /* SHButtonSampleView.swift */; };
		EDD254332CE5279A008C2B23 /* Flavor.swift in Sources */ = {isa = PBXBuildFile; fileRef = EDD254322CE52781008C2B23 /* Flavor.swift */; };
		EDD254392CE52B3C008C2B23 /* FlavorColors.swift in Sources */ = {isa = PBXBuildFile; fileRef = EDD254382CE52B35008C2B23 /* FlavorColors.swift */; };
		EDDDE96C2CEF7D500054C7E2 /* SHLoadingViewSampleView.swift in Sources */ = {isa = PBXBuildFile; fileRef = EDDDE96B2CEF7D460054C7E2 /* SHLoadingViewSampleView.swift */; };
		EDDDE9712CEFA02F0054C7E2 /* SHFeedbackView.swift in Sources */ = {isa = PBXBuildFile; fileRef = EDDDE9702CEFA0270054C7E2 /* SHFeedbackView.swift */; };
		EDDDE9742CEFA4400054C7E2 /* SHFeedbackViewSampleView.swift in Sources */ = {isa = PBXBuildFile; fileRef = EDDDE9732CEFA4400054C7E2 /* SHFeedbackViewSampleView.swift */; };
		EDDDE9772CF9242E0054C7E2 /* SHTextfieldSampleView.swift in Sources */ = {isa = PBXBuildFile; fileRef = EDDDE9762CF9241F0054C7E2 /* SHTextfieldSampleView.swift */; };
		EDDDE97A2CF924AD0054C7E2 /* SHTextField.swift in Sources */ = {isa = PBXBuildFile; fileRef = EDDDE9792CF924A00054C7E2 /* SHTextField.swift */; };
		EDDDE9802CFA6E7F0054C7E2 /* SHPasswordFieldSampleView.swift in Sources */ = {isa = PBXBuildFile; fileRef = EDDDE97F2CFA6E680054C7E2 /* SHPasswordFieldSampleView.swift */; };
		EDDDE9832CFA6F440054C7E2 /* SHPasswordField.swift in Sources */ = {isa = PBXBuildFile; fileRef = EDDDE9822CFA6F320054C7E2 /* SHPasswordField.swift */; };
		F11009562D1A5326005DFC3F /* Font+DS+extensions.swift in Sources */ = {isa = PBXBuildFile; fileRef = F11009552D1A5326005DFC3F /* Font+DS+extensions.swift */; };
		F11009582D1A5398005DFC3F /* UIColor+DS+extensions.swift in Sources */ = {isa = PBXBuildFile; fileRef = F11009572D1A538D005DFC3F /* UIColor+DS+extensions.swift */; };
		F110097C2D1A55A0005DFC3F /* AppDelegate.swift in Sources */ = {isa = PBXBuildFile; fileRef = F11009722D1A55A0005DFC3F /* AppDelegate.swift */; };
		F110097D2D1A55A0005DFC3F /* SceneDelegate.swift in Sources */ = {isa = PBXBuildFile; fileRef = F11009792D1A55A0005DFC3F /* SceneDelegate.swift */; };
		F110097E2D1A55A0005DFC3F /* ViewController.swift in Sources */ = {isa = PBXBuildFile; fileRef = F110097A2D1A55A0005DFC3F /* ViewController.swift */; };
		F110097F2D1A55A0005DFC3F /* Assets.xcassets in Resources */ = {isa = PBXBuildFile; fileRef = F11009732D1A55A0005DFC3F /* Assets.xcassets */; };
		F11009882D1AD380005DFC3F /* Flavor.swift in Sources */ = {isa = PBXBuildFile; fileRef = F11009872D1AD380005DFC3F /* Flavor.swift */; };
		F11009892D1AD619005DFC3F /* SharpnezDesignSystem.framework in Frameworks */ = {isa = PBXBuildFile; fileRef = EDD253A02CE5137E008C2B23 /* SharpnezDesignSystem.framework */; };
		F110098A2D1AD619005DFC3F /* SharpnezDesignSystem.framework in Embed Frameworks */ = {isa = PBXBuildFile; fileRef = EDD253A02CE5137E008C2B23 /* SharpnezDesignSystem.framework */; settings = {ATTRIBUTES = (CodeSignOnCopy, RemoveHeadersOnCopy, ); }; };
		F11009922D1AD7E2005DFC3F /* SampleItem.swift in Sources */ = {isa = PBXBuildFile; fileRef = F11009912D1AD7DD005DFC3F /* SampleItem.swift */; };
		F11009952D1AD9C8005DFC3F /* UITableView+DS+extensions.swift in Sources */ = {isa = PBXBuildFile; fileRef = F11009942D1AD9AD005DFC3F /* UITableView+DS+extensions.swift */; };
		F11009972D1ADA1D005DFC3F /* UITableViewCell+DS+extensions.swift in Sources */ = {isa = PBXBuildFile; fileRef = F11009962D1ADA0C005DFC3F /* UITableViewCell+DS+extensions.swift */; };
		F110099A2D1ADCEC005DFC3F /* ViewCode.swift in Sources */ = {isa = PBXBuildFile; fileRef = F11009992D1ADCE9005DFC3F /* ViewCode.swift */; };
		F110099C2D1ADE18005DFC3F /* UIView+DS+extensions.swift in Sources */ = {isa = PBXBuildFile; fileRef = F110099B2D1ADE0D005DFC3F /* UIView+DS+extensions.swift */; };
		F13816C42D1EE5AE00A91018 /* UISHTextField.swift in Sources */ = {isa = PBXBuildFile; fileRef = F13816C32D1EE5A500A91018 /* UISHTextField.swift */; };
		F13816C72D1EE94200A91018 /* UISHTextFieldViewController.swift in Sources */ = {isa = PBXBuildFile; fileRef = F13816C62D1EE93900A91018 /* UISHTextFieldViewController.swift */; };
		F13816CA2D1F198B00A91018 /* UISHListItem.swift in Sources */ = {isa = PBXBuildFile; fileRef = F13816C92D1F193800A91018 /* UISHListItem.swift */; };
		F13816CD2D20A90F00A91018 /* UISHListItemViewController.swift in Sources */ = {isa = PBXBuildFile; fileRef = F13816CC2D20A90300A91018 /* UISHListItemViewController.swift */; };
		F13816D02D20AC6600A91018 /* UISHPasswordField.swift in Sources */ = {isa = PBXBuildFile; fileRef = F13816CE2D20AC6600A91018 /* UISHPasswordField.swift */; };
		F13816D32D20DC5700A91018 /* UISHPasswordFieldViewController.swift in Sources */ = {isa = PBXBuildFile; fileRef = F13816D22D20DC4700A91018 /* UISHPasswordFieldViewController.swift */; };
		F13816D52D20EC3D00A91018 /* PrivateTextField.swift in Sources */ = {isa = PBXBuildFile; fileRef = F13816D42D20EC3700A91018 /* PrivateTextField.swift */; };
		F14BC9BA2D5BFC4A0005BEEB /* UISHIconViewController.swift in Sources */ = {isa = PBXBuildFile; fileRef = F14BC9B82D5BFC4A0005BEEB /* UISHIconViewController.swift */; };
		F14BC9BD2D5C2D780005BEEB /* UISHBulletIconViewController.swift in Sources */ = {isa = PBXBuildFile; fileRef = F14BC9BB2D5C2D780005BEEB /* UISHBulletIconViewController.swift */; };
		F14EB6292D652FBC008727A9 /* SHListItemSampleView.swift in Sources */ = {isa = PBXBuildFile; fileRef = F14EB6282D652FB0008727A9 /* SHListItemSampleView.swift */; };
		F15321132D720B0700D61490 /* CurrencyText in Frameworks */ = {isa = PBXBuildFile; productRef = F15321122D720B0700D61490 /* CurrencyText */; };
		F15321152D720B0C00D61490 /* CurrencyFormatter in Frameworks */ = {isa = PBXBuildFile; productRef = F15321142D720B0C00D61490 /* CurrencyFormatter */; };
		F15321172D720B0C00D61490 /* CurrencyTextSwiftUI in Frameworks */ = {isa = PBXBuildFile; productRef = F15321162D720B0C00D61490 /* CurrencyTextSwiftUI */; };
		F19E36D62D6534A900DB5D9F /* SHContainerView.swift in Sources */ = {isa = PBXBuildFile; fileRef = F19E36D42D6534A900DB5D9F /* SHContainerView.swift */; };
		F19E36D92D65F37E00DB5D9F /* SHIcon.swift in Sources */ = {isa = PBXBuildFile; fileRef = F19E36D82D65F37A00DB5D9F /* SHIcon.swift */; };
		F19E36DB2D65F3E800DB5D9F /* Bundle.swift in Sources */ = {isa = PBXBuildFile; fileRef = F19E36DA2D65F3E400DB5D9F /* Bundle.swift */; };
		F19E36DE2D65F51B00DB5D9F /* SHIconSampleView.swift in Sources */ = {isa = PBXBuildFile; fileRef = F19E36DD2D65F51400DB5D9F /* SHIconSampleView.swift */; };
		F19E36E12D65F61600DB5D9F /* SHBulletIcon.swift in Sources */ = {isa = PBXBuildFile; fileRef = F19E36E02D65F60F00DB5D9F /* SHBulletIcon.swift */; };
		F19E36E42D65F79800DB5D9F /* SHBulletIconSampleView.swift in Sources */ = {isa = PBXBuildFile; fileRef = F19E36E32D65F78D00DB5D9F /* SHBulletIconSampleView.swift */; };
		F1AAA03F2D57D06100DB56CC /* BulletIconView.swift in Sources */ = {isa = PBXBuildFile; fileRef = F1AAA03E2D57D05700DB56CC /* BulletIconView.swift */; };
		F1AAA0422D5A3CEF00DB56CC /* UISHIcon.swift in Sources */ = {isa = PBXBuildFile; fileRef = F1AAA0412D5A3CEB00DB56CC /* UISHIcon.swift */; };
		F1AAA0442D5A45A400DB56CC /* Assets.xcassets in Resources */ = {isa = PBXBuildFile; fileRef = F1AAA0432D5A45A400DB56CC /* Assets.xcassets */; };
		F1B8156E2D1AE1B000128643 /* FlavorColorsViewController.swift in Sources */ = {isa = PBXBuildFile; fileRef = F1B8156D2D1AE18800128643 /* FlavorColorsViewController.swift */; };
		F1B815702D1AE30600128643 /* UIStackView+DS+extensions.swift in Sources */ = {isa = PBXBuildFile; fileRef = F1B8156F2D1AE2FA00128643 /* UIStackView+DS+extensions.swift */; };
		F1B815732D1AE80300128643 /* FontsViewController.swift in Sources */ = {isa = PBXBuildFile; fileRef = F1B815722D1AE7FA00128643 /* FontsViewController.swift */; };
		F1B815792D1AEB4B00128643 /* UISHLabel.swift in Sources */ = {isa = PBXBuildFile; fileRef = F1B815782D1AEB4500128643 /* UISHLabel.swift */; };
		F1B8157E2D1AF0B000128643 /* UISHLabelViewController.swift in Sources */ = {isa = PBXBuildFile; fileRef = F1B8157D2D1AF0A300128643 /* UISHLabelViewController.swift */; };
		F1B815862D1B020800128643 /* UIViewController+DS+extensions.swift in Sources */ = {isa = PBXBuildFile; fileRef = F1B815852D1B01FE00128643 /* UIViewController+DS+extensions.swift */; };
		F1B815892D1B0F6E00128643 /* UISHButton.swift in Sources */ = {isa = PBXBuildFile; fileRef = F1B815882D1B0F6A00128643 /* UISHButton.swift */; };
		F1B8158C2D1B158E00128643 /* UISHButtonViewController.swift in Sources */ = {isa = PBXBuildFile; fileRef = F1B8158B2D1B158600128643 /* UISHButtonViewController.swift */; };
		F1B8158F2D1B2BF500128643 /* UISHLoadingView.swift in Sources */ = {isa = PBXBuildFile; fileRef = F1B8158E2D1B2BEE00128643 /* UISHLoadingView.swift */; };
		F1B815922D1B30AA00128643 /* UISHLoadingSampleViewController.swift in Sources */ = {isa = PBXBuildFile; fileRef = F1B815912D1B30A100128643 /* UISHLoadingSampleViewController.swift */; };
		F1B815962D1CC3B100128643 /* UISHLoadingViewController.swift in Sources */ = {isa = PBXBuildFile; fileRef = F1B815952D1CC39800128643 /* UISHLoadingViewController.swift */; };
		F1B815992D1D781B00128643 /* UISHLoadingSampleMenuViewController.swift in Sources */ = {isa = PBXBuildFile; fileRef = F1B815982D1D780A00128643 /* UISHLoadingSampleMenuViewController.swift */; };
		F1B8159C2D1D922200128643 /* UISHFeedbackViewController.swift in Sources */ = {isa = PBXBuildFile; fileRef = F1B8159B2D1D91CB00128643 /* UISHFeedbackViewController.swift */; };
		F1B8159F2D1D9BAD00128643 /* UISHFeedbackSampleMenuViewController.swift in Sources */ = {isa = PBXBuildFile; fileRef = F1B8159E2D1D9B9C00128643 /* UISHFeedbackSampleMenuViewController.swift */; };
		F1B815A12D1DAAC100128643 /* UISHShortcutButton.swift in Sources */ = {isa = PBXBuildFile; fileRef = F1B815A02D1DAAAB00128643 /* UISHShortcutButton.swift */; };
		F1B815A42D1DB1E900128643 /* UISHShortcutButtonViewController.swift in Sources */ = {isa = PBXBuildFile; fileRef = F1B815A32D1DB1DB00128643 /* UISHShortcutButtonViewController.swift */; };
		F1B880762D72096900E8288D /* CurrencyText in Frameworks */ = {isa = PBXBuildFile; productRef = F1B880752D72096900E8288D /* CurrencyText */; };
		F1B8807A2D7209C500E8288D /* CurrencyFormatter in Frameworks */ = {isa = PBXBuildFile; productRef = F1B880792D7209C500E8288D /* CurrencyFormatter */; };
		F1B8807C2D7209C500E8288D /* CurrencyText in Frameworks */ = {isa = PBXBuildFile; productRef = F1B8807B2D7209C500E8288D /* CurrencyText */; };
		F1B8807E2D7209C500E8288D /* CurrencyTextSwiftUI in Frameworks */ = {isa = PBXBuildFile; productRef = F1B8807D2D7209C500E8288D /* CurrencyTextSwiftUI */; };
		F1B880802D7209CC00E8288D /* CurrencyFormatter in Frameworks */ = {isa = PBXBuildFile; productRef = F1B8807F2D7209CC00E8288D /* CurrencyFormatter */; };
		F1B880822D7209CC00E8288D /* CurrencyText in Frameworks */ = {isa = PBXBuildFile; productRef = F1B880812D7209CC00E8288D /* CurrencyText */; };
		F1B880842D7209CC00E8288D /* CurrencyTextSwiftUI in Frameworks */ = {isa = PBXBuildFile; productRef = F1B880832D7209CC00E8288D /* CurrencyTextSwiftUI */; };
		F1F1F1292D67556200D82776 /* SHToast.swift in Sources */ = {isa = PBXBuildFile; fileRef = F1F1F1282D67555A00D82776 /* SHToast.swift */; };
		F1F1F12C2D675DA700D82776 /* SHToastSampleView.swift in Sources */ = {isa = PBXBuildFile; fileRef = F1F1F12B2D675D9C00D82776 /* SHToastSampleView.swift */; };
		F1F1F1372D679A1500D82776 /* View+Extensions.swift in Sources */ = {isa = PBXBuildFile; fileRef = F1F1F1362D679A0A00D82776 /* View+Extensions.swift */; };
		F1F1F1502D68A56100D82776 /* SHIllustration.swift in Sources */ = {isa = PBXBuildFile; fileRef = F1F1F14F2D68A56100D82776 /* SHIllustration.swift */; };
		F1F1F1532D68A68300D82776 /* SHIllustrationSampleView.swift in Sources */ = {isa = PBXBuildFile; fileRef = F1F1F1512D68A68300D82776 /* SHIllustrationSampleView.swift */; };
		F1F1F1562D68AAC700D82776 /* SHPinCode.swift in Sources */ = {isa = PBXBuildFile; fileRef = F1F1F1552D68AABE00D82776 /* SHPinCode.swift */; };
		F1F1F1592D68ABDB00D82776 /* SHPinCodeSampleView.swift in Sources */ = {isa = PBXBuildFile; fileRef = F1F1F1582D68ABD100D82776 /* SHPinCodeSampleView.swift */; };
		F1F1F15C2D68DD6B00D82776 /* SHCurrencyField.swift in Sources */ = {isa = PBXBuildFile; fileRef = F1F1F15B2D68DD6000D82776 /* SHCurrencyField.swift */; };
		F1F1F15F2D68E1D600D82776 /* SHCurrencyFieldSampleView.swift in Sources */ = {isa = PBXBuildFile; fileRef = F1F1F15E2D68E1CD00D82776 /* SHCurrencyFieldSampleView.swift */; };
		F1F9F1BD2D3DA169004EA3B1 /* UISHToast.swift in Sources */ = {isa = PBXBuildFile; fileRef = F1F9F1BC2D3DA161004EA3B1 /* UISHToast.swift */; };
		F1F9F1C02D3DA2A8004EA3B1 /* UISHToastViewController.swift in Sources */ = {isa = PBXBuildFile; fileRef = F1F9F1BF2D3DA2A8004EA3B1 /* UISHToastViewController.swift */; };
		F1F9F1EC2D4A9C6A004EA3B1 /* UISHBottomSheetViewController.swift in Sources */ = {isa = PBXBuildFile; fileRef = F1F9F1EA2D4A9C6A004EA3B1 /* UISHBottomSheetViewController.swift */; };
		F1F9F1F12D4A9D56004EA3B1 /* UISHBottomSheet.swift in Sources */ = {isa = PBXBuildFile; fileRef = F1F9F1F02D4A9D4E004EA3B1 /* UISHBottomSheet.swift */; };
		F1FBD4E52D19F1E700DA11C4 /* SHListItemView.swift in Sources */ = {isa = PBXBuildFile; fileRef = F1FBD4E42D19F1E700DA11C4 /* SHListItemView.swift */; };
/* End PBXBuildFile section */

/* Begin PBXContainerItemProxy section */
		EDD254162CE51653008C2B23 /* PBXContainerItemProxy */ = {
			isa = PBXContainerItemProxy;
			containerPortal = EDD253972CE5137E008C2B23 /* Project object */;
			proxyType = 1;
			remoteGlobalIDString = EDD2539F2CE5137E008C2B23;
			remoteInfo = SharpnezDesignSystem;
		};
		F110098B2D1AD619005DFC3F /* PBXContainerItemProxy */ = {
			isa = PBXContainerItemProxy;
			containerPortal = EDD253972CE5137E008C2B23 /* Project object */;
			proxyType = 1;
			remoteGlobalIDString = EDD2539F2CE5137E008C2B23;
			remoteInfo = SharpnezDesignSystem;
		};
/* End PBXContainerItemProxy section */

/* Begin PBXCopyFilesBuildPhase section */
		EDD254182CE51653008C2B23 /* Embed Frameworks */ = {
			isa = PBXCopyFilesBuildPhase;
			buildActionMask = 2147483647;
			dstPath = "";
			dstSubfolderSpec = 10;
			files = (
				EDD254152CE51653008C2B23 /* SharpnezDesignSystem.framework in Embed Frameworks */,
			);
			name = "Embed Frameworks";
			runOnlyForDeploymentPostprocessing = 0;
		};
		F110098D2D1AD619005DFC3F /* Embed Frameworks */ = {
			isa = PBXCopyFilesBuildPhase;
			buildActionMask = 2147483647;
			dstPath = "";
			dstSubfolderSpec = 10;
			files = (
				F110098A2D1AD619005DFC3F /* SharpnezDesignSystem.framework in Embed Frameworks */,
			);
			name = "Embed Frameworks";
			runOnlyForDeploymentPostprocessing = 0;
		};
/* End PBXCopyFilesBuildPhase section */

/* Begin PBXFileReference section */
		ED3102832CEF651200DEC9C4 /* SHLoading.swift */ = {isa = PBXFileReference; lastKnownFileType = sourcecode.swift; path = SHLoading.swift; sourceTree = "<group>"; };
		ED3102852CEF65E500DEC9C4 /* SHLoadingSampleView.swift */ = {isa = PBXFileReference; lastKnownFileType = sourcecode.swift; path = SHLoadingSampleView.swift; sourceTree = "<group>"; };
		ED31028C2CEF751A00DEC9C4 /* SHLoadingView.swift */ = {isa = PBXFileReference; lastKnownFileType = sourcecode.swift; path = SHLoadingView.swift; sourceTree = "<group>"; };
		EDA01B892CE5963500740E56 /* SHShortcutButton.swift */ = {isa = PBXFileReference; lastKnownFileType = sourcecode.swift; path = SHShortcutButton.swift; sourceTree = "<group>"; };
		EDA01B8D2CE5991B00740E56 /* SHShortcutSampleView.swift */ = {isa = PBXFileReference; lastKnownFileType = sourcecode.swift; path = SHShortcutSampleView.swift; sourceTree = "<group>"; };
		EDA01B932CE61B9100740E56 /* SHContainerSampleView.swift */ = {isa = PBXFileReference; lastKnownFileType = sourcecode.swift; path = SHContainerSampleView.swift; sourceTree = "<group>"; };
		EDD253A02CE5137E008C2B23 /* SharpnezDesignSystem.framework */ = {isa = PBXFileReference; explicitFileType = wrapper.framework; includeInIndex = 0; path = SharpnezDesignSystem.framework; sourceTree = BUILT_PRODUCTS_DIR; };
		EDD253AD2CE5138A008C2B23 /* SharpnezDesignSystem.h */ = {isa = PBXFileReference; lastKnownFileType = sourcecode.c.h; path = SharpnezDesignSystem.h; sourceTree = "<group>"; };
		EDD253AE2CE5138A008C2B23 /* SharpnezDesignSystem.docc */ = {isa = PBXFileReference; lastKnownFileType = folder.documentationcatalog; path = SharpnezDesignSystem.docc; sourceTree = "<group>"; };
		EDD253B32CE51453008C2B23 /* DSConstants.swift */ = {isa = PBXFileReference; lastKnownFileType = sourcecode.swift; path = DSConstants.swift; sourceTree = "<group>"; };
		EDD253B52CE51453008C2B23 /* DesignSystemConfiguration.swift */ = {isa = PBXFileReference; lastKnownFileType = sourcecode.swift; path = DesignSystemConfiguration.swift; sourceTree = "<group>"; };
		EDD253B72CE51453008C2B23 /* CGFloat+DS+extensions.swift */ = {isa = PBXFileReference; lastKnownFileType = sourcecode.swift; path = "CGFloat+DS+extensions.swift"; sourceTree = "<group>"; };
		EDD253B82CE51453008C2B23 /* Color+DS+extensions.swift */ = {isa = PBXFileReference; lastKnownFileType = sourcecode.swift; path = "Color+DS+extensions.swift"; sourceTree = "<group>"; };
		EDD253B92CE51453008C2B23 /* UIFont+DS+extensions.swift */ = {isa = PBXFileReference; lastKnownFileType = sourcecode.swift; path = "UIFont+DS+extensions.swift"; sourceTree = "<group>"; };
		EDD253BB2CE51453008C2B23 /* SHButton.swift */ = {isa = PBXFileReference; lastKnownFileType = sourcecode.swift; path = SHButton.swift; sourceTree = "<group>"; };
		EDD253BD2CE51453008C2B23 /* SHLabel.swift */ = {isa = PBXFileReference; lastKnownFileType = sourcecode.swift; path = SHLabel.swift; sourceTree = "<group>"; };
		EDD253D32CE51453008C2B23 /* ViewStatus.swift */ = {isa = PBXFileReference; lastKnownFileType = sourcecode.swift; path = ViewStatus.swift; sourceTree = "<group>"; };
		EDD253EA2CE5145C008C2B23 /* Montserrat-Bold.ttf */ = {isa = PBXFileReference; lastKnownFileType = file; path = "Montserrat-Bold.ttf"; sourceTree = "<group>"; };
		EDD253EB2CE5145C008C2B23 /* Montserrat-Medium.ttf */ = {isa = PBXFileReference; lastKnownFileType = file; path = "Montserrat-Medium.ttf"; sourceTree = "<group>"; };
		EDD253EC2CE5145C008C2B23 /* Montserrat-Regular.ttf */ = {isa = PBXFileReference; lastKnownFileType = file; path = "Montserrat-Regular.ttf"; sourceTree = "<group>"; };
		EDD253ED2CE5145C008C2B23 /* Poppins-Bold.ttf */ = {isa = PBXFileReference; lastKnownFileType = file; path = "Poppins-Bold.ttf"; sourceTree = "<group>"; };
		EDD253EE2CE5145C008C2B23 /* Poppins-Medium.ttf */ = {isa = PBXFileReference; lastKnownFileType = file; path = "Poppins-Medium.ttf"; sourceTree = "<group>"; };
		EDD253EF2CE5145C008C2B23 /* Poppins-Regular.ttf */ = {isa = PBXFileReference; lastKnownFileType = file; path = "Poppins-Regular.ttf"; sourceTree = "<group>"; };
		EDD253FB2CE51604008C2B23 /* SwiftUISample.app */ = {isa = PBXFileReference; explicitFileType = wrapper.application; includeInIndex = 0; path = SwiftUISample.app; sourceTree = BUILT_PRODUCTS_DIR; };
		EDD254092CE51612008C2B23 /* Preview Assets.xcassets */ = {isa = PBXFileReference; lastKnownFileType = folder.assetcatalog; path = "Preview Assets.xcassets"; sourceTree = "<group>"; };
		EDD2540B2CE51612008C2B23 /* Assets.xcassets */ = {isa = PBXFileReference; lastKnownFileType = folder.assetcatalog; path = Assets.xcassets; sourceTree = "<group>"; };
		EDD2540C2CE51612008C2B23 /* HomeView.swift */ = {isa = PBXFileReference; lastKnownFileType = sourcecode.swift; path = HomeView.swift; sourceTree = "<group>"; };
		EDD2540D2CE51612008C2B23 /* SwiftUISampleApp.swift */ = {isa = PBXFileReference; lastKnownFileType = sourcecode.swift; path = SwiftUISampleApp.swift; sourceTree = "<group>"; };
		EDD2541E2CE51F6F008C2B23 /* AppDelegate.swift */ = {isa = PBXFileReference; lastKnownFileType = sourcecode.swift; path = AppDelegate.swift; sourceTree = "<group>"; };
		EDD254212CE51FF9008C2B23 /* SampleItem.swift */ = {isa = PBXFileReference; lastKnownFileType = sourcecode.swift; path = SampleItem.swift; sourceTree = "<group>"; };
		EDD254232CE52024008C2B23 /* ViewStatusSampleView.swift */ = {isa = PBXFileReference; lastKnownFileType = sourcecode.swift; path = ViewStatusSampleView.swift; sourceTree = "<group>"; };
		EDD254262CE52034008C2B23 /* FlavorColorsView.swift */ = {isa = PBXFileReference; lastKnownFileType = sourcecode.swift; path = FlavorColorsView.swift; sourceTree = "<group>"; };
		EDD254292CE5203A008C2B23 /* FontsView.swift */ = {isa = PBXFileReference; lastKnownFileType = sourcecode.swift; path = FontsView.swift; sourceTree = "<group>"; };
		EDD2542C2CE5203F008C2B23 /* SHLabelSampleView.swift */ = {isa = PBXFileReference; lastKnownFileType = sourcecode.swift; path = SHLabelSampleView.swift; sourceTree = "<group>"; };
		EDD2542F2CE52045008C2B23 /* SHButtonSampleView.swift */ = {isa = PBXFileReference; lastKnownFileType = sourcecode.swift; path = SHButtonSampleView.swift; sourceTree = "<group>"; };
		EDD254322CE52781008C2B23 /* Flavor.swift */ = {isa = PBXFileReference; lastKnownFileType = sourcecode.swift; path = Flavor.swift; sourceTree = "<group>"; };
		EDD254382CE52B35008C2B23 /* FlavorColors.swift */ = {isa = PBXFileReference; lastKnownFileType = sourcecode.swift; path = FlavorColors.swift; sourceTree = "<group>"; };
		EDDDE96B2CEF7D460054C7E2 /* SHLoadingViewSampleView.swift */ = {isa = PBXFileReference; lastKnownFileType = sourcecode.swift; path = SHLoadingViewSampleView.swift; sourceTree = "<group>"; };
		EDDDE9702CEFA0270054C7E2 /* SHFeedbackView.swift */ = {isa = PBXFileReference; lastKnownFileType = sourcecode.swift; path = SHFeedbackView.swift; sourceTree = "<group>"; };
		EDDDE9732CEFA4400054C7E2 /* SHFeedbackViewSampleView.swift */ = {isa = PBXFileReference; lastKnownFileType = sourcecode.swift; path = SHFeedbackViewSampleView.swift; sourceTree = "<group>"; };
		EDDDE9762CF9241F0054C7E2 /* SHTextfieldSampleView.swift */ = {isa = PBXFileReference; lastKnownFileType = sourcecode.swift; path = SHTextfieldSampleView.swift; sourceTree = "<group>"; };
		EDDDE9792CF924A00054C7E2 /* SHTextField.swift */ = {isa = PBXFileReference; lastKnownFileType = sourcecode.swift; path = SHTextField.swift; sourceTree = "<group>"; };
		EDDDE97F2CFA6E680054C7E2 /* SHPasswordFieldSampleView.swift */ = {isa = PBXFileReference; lastKnownFileType = sourcecode.swift; path = SHPasswordFieldSampleView.swift; sourceTree = "<group>"; };
		EDDDE9822CFA6F320054C7E2 /* SHPasswordField.swift */ = {isa = PBXFileReference; lastKnownFileType = sourcecode.swift; path = SHPasswordField.swift; sourceTree = "<group>"; };
		F11009552D1A5326005DFC3F /* Font+DS+extensions.swift */ = {isa = PBXFileReference; lastKnownFileType = sourcecode.swift; path = "Font+DS+extensions.swift"; sourceTree = "<group>"; };
		F11009572D1A538D005DFC3F /* UIColor+DS+extensions.swift */ = {isa = PBXFileReference; lastKnownFileType = sourcecode.swift; path = "UIColor+DS+extensions.swift"; sourceTree = "<group>"; };
		F110095D2D1A5595005DFC3F /* UIKitSample.app */ = {isa = PBXFileReference; explicitFileType = wrapper.application; includeInIndex = 0; path = UIKitSample.app; sourceTree = BUILT_PRODUCTS_DIR; };
		F11009722D1A55A0005DFC3F /* AppDelegate.swift */ = {isa = PBXFileReference; lastKnownFileType = sourcecode.swift; path = AppDelegate.swift; sourceTree = "<group>"; };
		F11009732D1A55A0005DFC3F /* Assets.xcassets */ = {isa = PBXFileReference; lastKnownFileType = folder.assetcatalog; path = Assets.xcassets; sourceTree = "<group>"; };
		F11009742D1A55A0005DFC3F /* Info.plist */ = {isa = PBXFileReference; lastKnownFileType = text.plist.xml; path = Info.plist; sourceTree = "<group>"; };
		F11009792D1A55A0005DFC3F /* SceneDelegate.swift */ = {isa = PBXFileReference; lastKnownFileType = sourcecode.swift; path = SceneDelegate.swift; sourceTree = "<group>"; };
		F110097A2D1A55A0005DFC3F /* ViewController.swift */ = {isa = PBXFileReference; lastKnownFileType = sourcecode.swift; path = ViewController.swift; sourceTree = "<group>"; };
		F11009872D1AD380005DFC3F /* Flavor.swift */ = {isa = PBXFileReference; lastKnownFileType = sourcecode.swift; path = Flavor.swift; sourceTree = "<group>"; };
		F11009912D1AD7DD005DFC3F /* SampleItem.swift */ = {isa = PBXFileReference; lastKnownFileType = sourcecode.swift; path = SampleItem.swift; sourceTree = "<group>"; };
		F11009942D1AD9AD005DFC3F /* UITableView+DS+extensions.swift */ = {isa = PBXFileReference; lastKnownFileType = sourcecode.swift; path = "UITableView+DS+extensions.swift"; sourceTree = "<group>"; };
		F11009962D1ADA0C005DFC3F /* UITableViewCell+DS+extensions.swift */ = {isa = PBXFileReference; lastKnownFileType = sourcecode.swift; path = "UITableViewCell+DS+extensions.swift"; sourceTree = "<group>"; };
		F11009992D1ADCE9005DFC3F /* ViewCode.swift */ = {isa = PBXFileReference; lastKnownFileType = sourcecode.swift; path = ViewCode.swift; sourceTree = "<group>"; };
		F110099B2D1ADE0D005DFC3F /* UIView+DS+extensions.swift */ = {isa = PBXFileReference; lastKnownFileType = sourcecode.swift; path = "UIView+DS+extensions.swift"; sourceTree = "<group>"; };
		F13816C32D1EE5A500A91018 /* UISHTextField.swift */ = {isa = PBXFileReference; lastKnownFileType = sourcecode.swift; path = UISHTextField.swift; sourceTree = "<group>"; };
		F13816C62D1EE93900A91018 /* UISHTextFieldViewController.swift */ = {isa = PBXFileReference; lastKnownFileType = sourcecode.swift; path = UISHTextFieldViewController.swift; sourceTree = "<group>"; };
		F13816C92D1F193800A91018 /* UISHListItem.swift */ = {isa = PBXFileReference; lastKnownFileType = sourcecode.swift; path = UISHListItem.swift; sourceTree = "<group>"; };
		F13816CC2D20A90300A91018 /* UISHListItemViewController.swift */ = {isa = PBXFileReference; lastKnownFileType = sourcecode.swift; path = UISHListItemViewController.swift; sourceTree = "<group>"; };
		F13816CE2D20AC6600A91018 /* UISHPasswordField.swift */ = {isa = PBXFileReference; lastKnownFileType = sourcecode.swift; path = UISHPasswordField.swift; sourceTree = "<group>"; };
		F13816D22D20DC4700A91018 /* UISHPasswordFieldViewController.swift */ = {isa = PBXFileReference; lastKnownFileType = sourcecode.swift; path = UISHPasswordFieldViewController.swift; sourceTree = "<group>"; };
		F13816D42D20EC3700A91018 /* PrivateTextField.swift */ = {isa = PBXFileReference; lastKnownFileType = sourcecode.swift; path = PrivateTextField.swift; sourceTree = "<group>"; };
		F14BC9B82D5BFC4A0005BEEB /* UISHIconViewController.swift */ = {isa = PBXFileReference; lastKnownFileType = sourcecode.swift; path = UISHIconViewController.swift; sourceTree = "<group>"; };
		F14BC9BB2D5C2D780005BEEB /* UISHBulletIconViewController.swift */ = {isa = PBXFileReference; lastKnownFileType = sourcecode.swift; path = UISHBulletIconViewController.swift; sourceTree = "<group>"; };
		F14EB6282D652FB0008727A9 /* SHListItemSampleView.swift */ = {isa = PBXFileReference; lastKnownFileType = sourcecode.swift; path = SHListItemSampleView.swift; sourceTree = "<group>"; };
		F19E36D42D6534A900DB5D9F /* SHContainerView.swift */ = {isa = PBXFileReference; lastKnownFileType = sourcecode.swift; path = SHContainerView.swift; sourceTree = "<group>"; };
		F19E36D82D65F37A00DB5D9F /* SHIcon.swift */ = {isa = PBXFileReference; lastKnownFileType = sourcecode.swift; path = SHIcon.swift; sourceTree = "<group>"; };
		F19E36DA2D65F3E400DB5D9F /* Bundle.swift */ = {isa = PBXFileReference; lastKnownFileType = sourcecode.swift; path = Bundle.swift; sourceTree = "<group>"; };
		F19E36DD2D65F51400DB5D9F /* SHIconSampleView.swift */ = {isa = PBXFileReference; lastKnownFileType = sourcecode.swift; path = SHIconSampleView.swift; sourceTree = "<group>"; };
		F19E36E02D65F60F00DB5D9F /* SHBulletIcon.swift */ = {isa = PBXFileReference; lastKnownFileType = sourcecode.swift; path = SHBulletIcon.swift; sourceTree = "<group>"; };
		F19E36E32D65F78D00DB5D9F /* SHBulletIconSampleView.swift */ = {isa = PBXFileReference; lastKnownFileType = sourcecode.swift; path = SHBulletIconSampleView.swift; sourceTree = "<group>"; };
		F1AAA03E2D57D05700DB56CC /* BulletIconView.swift */ = {isa = PBXFileReference; lastKnownFileType = sourcecode.swift; path = BulletIconView.swift; sourceTree = "<group>"; };
		F1AAA0412D5A3CEB00DB56CC /* UISHIcon.swift */ = {isa = PBXFileReference; lastKnownFileType = sourcecode.swift; path = UISHIcon.swift; sourceTree = "<group>"; };
		F1AAA0432D5A45A400DB56CC /* Assets.xcassets */ = {isa = PBXFileReference; lastKnownFileType = folder.assetcatalog; path = Assets.xcassets; sourceTree = "<group>"; };
		F1B8156D2D1AE18800128643 /* FlavorColorsViewController.swift */ = {isa = PBXFileReference; lastKnownFileType = sourcecode.swift; path = FlavorColorsViewController.swift; sourceTree = "<group>"; };
		F1B8156F2D1AE2FA00128643 /* UIStackView+DS+extensions.swift */ = {isa = PBXFileReference; lastKnownFileType = sourcecode.swift; path = "UIStackView+DS+extensions.swift"; sourceTree = "<group>"; };
		F1B815722D1AE7FA00128643 /* FontsViewController.swift */ = {isa = PBXFileReference; lastKnownFileType = sourcecode.swift; path = FontsViewController.swift; sourceTree = "<group>"; };
		F1B815782D1AEB4500128643 /* UISHLabel.swift */ = {isa = PBXFileReference; lastKnownFileType = sourcecode.swift; path = UISHLabel.swift; sourceTree = "<group>"; };
		F1B8157D2D1AF0A300128643 /* UISHLabelViewController.swift */ = {isa = PBXFileReference; lastKnownFileType = sourcecode.swift; path = UISHLabelViewController.swift; sourceTree = "<group>"; };
		F1B815852D1B01FE00128643 /* UIViewController+DS+extensions.swift */ = {isa = PBXFileReference; lastKnownFileType = sourcecode.swift; path = "UIViewController+DS+extensions.swift"; sourceTree = "<group>"; };
		F1B815882D1B0F6A00128643 /* UISHButton.swift */ = {isa = PBXFileReference; lastKnownFileType = sourcecode.swift; path = UISHButton.swift; sourceTree = "<group>"; };
		F1B8158B2D1B158600128643 /* UISHButtonViewController.swift */ = {isa = PBXFileReference; lastKnownFileType = sourcecode.swift; path = UISHButtonViewController.swift; sourceTree = "<group>"; };
		F1B8158E2D1B2BEE00128643 /* UISHLoadingView.swift */ = {isa = PBXFileReference; lastKnownFileType = sourcecode.swift; path = UISHLoadingView.swift; sourceTree = "<group>"; };
		F1B815912D1B30A100128643 /* UISHLoadingSampleViewController.swift */ = {isa = PBXFileReference; lastKnownFileType = sourcecode.swift; path = UISHLoadingSampleViewController.swift; sourceTree = "<group>"; };
		F1B815952D1CC39800128643 /* UISHLoadingViewController.swift */ = {isa = PBXFileReference; lastKnownFileType = sourcecode.swift; path = UISHLoadingViewController.swift; sourceTree = "<group>"; };
		F1B815982D1D780A00128643 /* UISHLoadingSampleMenuViewController.swift */ = {isa = PBXFileReference; lastKnownFileType = sourcecode.swift; path = UISHLoadingSampleMenuViewController.swift; sourceTree = "<group>"; };
		F1B8159B2D1D91CB00128643 /* UISHFeedbackViewController.swift */ = {isa = PBXFileReference; lastKnownFileType = sourcecode.swift; path = UISHFeedbackViewController.swift; sourceTree = "<group>"; };
		F1B8159E2D1D9B9C00128643 /* UISHFeedbackSampleMenuViewController.swift */ = {isa = PBXFileReference; lastKnownFileType = sourcecode.swift; path = UISHFeedbackSampleMenuViewController.swift; sourceTree = "<group>"; };
		F1B815A02D1DAAAB00128643 /* UISHShortcutButton.swift */ = {isa = PBXFileReference; lastKnownFileType = sourcecode.swift; path = UISHShortcutButton.swift; sourceTree = "<group>"; };
		F1B815A32D1DB1DB00128643 /* UISHShortcutButtonViewController.swift */ = {isa = PBXFileReference; lastKnownFileType = sourcecode.swift; path = UISHShortcutButtonViewController.swift; sourceTree = "<group>"; };
		F1F1F1282D67555A00D82776 /* SHToast.swift */ = {isa = PBXFileReference; lastKnownFileType = sourcecode.swift; path = SHToast.swift; sourceTree = "<group>"; };
		F1F1F12B2D675D9C00D82776 /* SHToastSampleView.swift */ = {isa = PBXFileReference; lastKnownFileType = sourcecode.swift; path = SHToastSampleView.swift; sourceTree = "<group>"; };
		F1F1F1362D679A0A00D82776 /* View+Extensions.swift */ = {isa = PBXFileReference; lastKnownFileType = sourcecode.swift; path = "View+Extensions.swift"; sourceTree = "<group>"; };
		F1F1F14F2D68A56100D82776 /* SHIllustration.swift */ = {isa = PBXFileReference; lastKnownFileType = sourcecode.swift; path = SHIllustration.swift; sourceTree = "<group>"; };
		F1F1F1512D68A68300D82776 /* SHIllustrationSampleView.swift */ = {isa = PBXFileReference; lastKnownFileType = sourcecode.swift; path = SHIllustrationSampleView.swift; sourceTree = "<group>"; };
		F1F1F1552D68AABE00D82776 /* SHPinCode.swift */ = {isa = PBXFileReference; lastKnownFileType = sourcecode.swift; path = SHPinCode.swift; sourceTree = "<group>"; };
		F1F1F1582D68ABD100D82776 /* SHPinCodeSampleView.swift */ = {isa = PBXFileReference; lastKnownFileType = sourcecode.swift; path = SHPinCodeSampleView.swift; sourceTree = "<group>"; };
		F1F1F15B2D68DD6000D82776 /* SHCurrencyField.swift */ = {isa = PBXFileReference; lastKnownFileType = sourcecode.swift; path = SHCurrencyField.swift; sourceTree = "<group>"; };
		F1F1F15E2D68E1CD00D82776 /* SHCurrencyFieldSampleView.swift */ = {isa = PBXFileReference; lastKnownFileType = sourcecode.swift; path = SHCurrencyFieldSampleView.swift; sourceTree = "<group>"; };
		F1F9F1BC2D3DA161004EA3B1 /* UISHToast.swift */ = {isa = PBXFileReference; lastKnownFileType = sourcecode.swift; path = UISHToast.swift; sourceTree = "<group>"; };
		F1F9F1BF2D3DA2A8004EA3B1 /* UISHToastViewController.swift */ = {isa = PBXFileReference; lastKnownFileType = sourcecode.swift; path = UISHToastViewController.swift; sourceTree = "<group>"; };
		F1F9F1EA2D4A9C6A004EA3B1 /* UISHBottomSheetViewController.swift */ = {isa = PBXFileReference; lastKnownFileType = sourcecode.swift; path = UISHBottomSheetViewController.swift; sourceTree = "<group>"; };
		F1F9F1F02D4A9D4E004EA3B1 /* UISHBottomSheet.swift */ = {isa = PBXFileReference; lastKnownFileType = sourcecode.swift; path = UISHBottomSheet.swift; sourceTree = "<group>"; };
		F1FBD4E42D19F1E700DA11C4 /* SHListItemView.swift */ = {isa = PBXFileReference; lastKnownFileType = sourcecode.swift; path = SHListItemView.swift; sourceTree = "<group>"; };
/* End PBXFileReference section */

/* Begin PBXFrameworksBuildPhase section */
		EDD2539D2CE5137E008C2B23 /* Frameworks */ = {
			isa = PBXFrameworksBuildPhase;
			buildActionMask = 2147483647;
			files = (
				F15321152D720B0C00D61490 /* CurrencyFormatter in Frameworks */,
				F1B880762D72096900E8288D /* CurrencyText in Frameworks */,
				F15321132D720B0700D61490 /* CurrencyText in Frameworks */,
				F15321172D720B0C00D61490 /* CurrencyTextSwiftUI in Frameworks */,
			);
			runOnlyForDeploymentPostprocessing = 0;
		};
		EDD253F82CE51604008C2B23 /* Frameworks */ = {
			isa = PBXFrameworksBuildPhase;
			buildActionMask = 2147483647;
			files = (
				F1B8807C2D7209C500E8288D /* CurrencyText in Frameworks */,
				F1B8807A2D7209C500E8288D /* CurrencyFormatter in Frameworks */,
				EDD254142CE51653008C2B23 /* SharpnezDesignSystem.framework in Frameworks */,
				F1B8807E2D7209C500E8288D /* CurrencyTextSwiftUI in Frameworks */,
			);
			runOnlyForDeploymentPostprocessing = 0;
		};
		F110095A2D1A5595005DFC3F /* Frameworks */ = {
			isa = PBXFrameworksBuildPhase;
			buildActionMask = 2147483647;
			files = (
				F1B880822D7209CC00E8288D /* CurrencyText in Frameworks */,
				F1B880802D7209CC00E8288D /* CurrencyFormatter in Frameworks */,
				F11009892D1AD619005DFC3F /* SharpnezDesignSystem.framework in Frameworks */,
				F1B880842D7209CC00E8288D /* CurrencyTextSwiftUI in Frameworks */,
			);
			runOnlyForDeploymentPostprocessing = 0;
		};
/* End PBXFrameworksBuildPhase section */

/* Begin PBXGroup section */
		ED3102822CEF64F600DEC9C4 /* Loading */ = {
			isa = PBXGroup;
			children = (
				ED3102832CEF651200DEC9C4 /* SHLoading.swift */,
			);
			path = Loading;
			sourceTree = "<group>";
		};
		ED3102862CEF65E500DEC9C4 /* SHLoading */ = {
			isa = PBXGroup;
			children = (
				ED3102852CEF65E500DEC9C4 /* SHLoadingSampleView.swift */,
			);
			path = SHLoading;
			sourceTree = "<group>";
		};
		ED31028B2CEF750D00DEC9C4 /* LoadingView */ = {
			isa = PBXGroup;
			children = (
				ED31028C2CEF751A00DEC9C4 /* SHLoadingView.swift */,
			);
			path = LoadingView;
			sourceTree = "<group>";
		};
		EDA01B882CE5962500740E56 /* Shortcut */ = {
			isa = PBXGroup;
			children = (
				EDA01B892CE5963500740E56 /* SHShortcutButton.swift */,
			);
			path = Shortcut;
			sourceTree = "<group>";
		};
		EDA01B8C2CE5987600740E56 /* SHShortcut */ = {
			isa = PBXGroup;
			children = (
				EDA01B8D2CE5991B00740E56 /* SHShortcutSampleView.swift */,
			);
			path = SHShortcut;
			sourceTree = "<group>";
		};
		EDA01B922CE61B8700740E56 /* SHContainer */ = {
			isa = PBXGroup;
			children = (
				EDA01B932CE61B9100740E56 /* SHContainerSampleView.swift */,
			);
			path = SHContainer;
			sourceTree = "<group>";
		};
		EDD253962CE5137E008C2B23 = {
			isa = PBXGroup;
			children = (
				EDD253AF2CE5138A008C2B23 /* SharpnezDesignSystem */,
				EDD2540E2CE51612008C2B23 /* SwiftUISample */,
				F110097B2D1A55A0005DFC3F /* UIKitSample */,
				EDD254132CE51653008C2B23 /* Frameworks */,
				EDD253A12CE5137E008C2B23 /* Products */,
			);
			sourceTree = "<group>";
		};
		EDD253A12CE5137E008C2B23 /* Products */ = {
			isa = PBXGroup;
			children = (
				EDD253A02CE5137E008C2B23 /* SharpnezDesignSystem.framework */,
				EDD253FB2CE51604008C2B23 /* SwiftUISample.app */,
				F110095D2D1A5595005DFC3F /* UIKitSample.app */,
			);
			name = Products;
			sourceTree = "<group>";
		};
		EDD253AF2CE5138A008C2B23 /* SharpnezDesignSystem */ = {
			isa = PBXGroup;
			children = (
				EDD253B22CE513BC008C2B23 /* Resources */,
				EDD253D52CE51453008C2B23 /* Source */,
			);
			path = SharpnezDesignSystem;
			sourceTree = "<group>";
		};
		EDD253B22CE513BC008C2B23 /* Resources */ = {
			isa = PBXGroup;
			children = (
				EDD253F02CE5145C008C2B23 /* Fonts */,
				EDD253AD2CE5138A008C2B23 /* SharpnezDesignSystem.h */,
				EDD253AE2CE5138A008C2B23 /* SharpnezDesignSystem.docc */,
				F1AAA0432D5A45A400DB56CC /* Assets.xcassets */,
			);
			path = Resources;
			sourceTree = "<group>";
		};
		EDD253B42CE51453008C2B23 /* Constants */ = {
			isa = PBXGroup;
			children = (
				EDD253B32CE51453008C2B23 /* DSConstants.swift */,
			);
			path = Constants;
			sourceTree = "<group>";
		};
		EDD253B62CE51453008C2B23 /* Core */ = {
			isa = PBXGroup;
			children = (
				F19E36DA2D65F3E400DB5D9F /* Bundle.swift */,
				EDD253B52CE51453008C2B23 /* DesignSystemConfiguration.swift */,
			);
			path = Core;
			sourceTree = "<group>";
		};
		EDD253BA2CE51453008C2B23 /* Extensions */ = {
			isa = PBXGroup;
			children = (
				F11009572D1A538D005DFC3F /* UIColor+DS+extensions.swift */,
				EDD253B82CE51453008C2B23 /* Color+DS+extensions.swift */,
				EDD253B72CE51453008C2B23 /* CGFloat+DS+extensions.swift */,
				EDD253B92CE51453008C2B23 /* UIFont+DS+extensions.swift */,
				F11009552D1A5326005DFC3F /* Font+DS+extensions.swift */,
			);
			path = Extensions;
			sourceTree = "<group>";
		};
		EDD253BC2CE51453008C2B23 /* Button */ = {
			isa = PBXGroup;
			children = (
				EDD253BB2CE51453008C2B23 /* SHButton.swift */,
			);
			path = Button;
			sourceTree = "<group>";
		};
		EDD253BE2CE51453008C2B23 /* Label */ = {
			isa = PBXGroup;
			children = (
				EDD253BD2CE51453008C2B23 /* SHLabel.swift */,
			);
			path = Label;
			sourceTree = "<group>";
		};
		EDD253BF2CE51453008C2B23 /* SwiftUI */ = {
			isa = PBXGroup;
			children = (
				F1F1F1352D679A0400D82776 /* Extensions */,
				EDDDE96F2CEFA0100054C7E2 /* Views */,
				EDDDE96E2CEF9FF90054C7E2 /* Components */,
			);
			path = SwiftUI;
			sourceTree = "<group>";
		};
		EDD253D42CE51453008C2B23 /* ViewStatus */ = {
			isa = PBXGroup;
			children = (
				EDD253D32CE51453008C2B23 /* ViewStatus.swift */,
			);
			path = ViewStatus;
			sourceTree = "<group>";
		};
		EDD253D52CE51453008C2B23 /* Source */ = {
			isa = PBXGroup;
			children = (
				EDD253B42CE51453008C2B23 /* Constants */,
				EDD253B62CE51453008C2B23 /* Core */,
				EDD253BA2CE51453008C2B23 /* Extensions */,
				EDD254372CE52B22008C2B23 /* FlavorColors */,
				F11009542D1A5174005DFC3F /* UIKit */,
				EDD253BF2CE51453008C2B23 /* SwiftUI */,
				EDD253D42CE51453008C2B23 /* ViewStatus */,
			);
			path = Source;
			sourceTree = "<group>";
		};
		EDD253F02CE5145C008C2B23 /* Fonts */ = {
			isa = PBXGroup;
			children = (
				EDD253EA2CE5145C008C2B23 /* Montserrat-Bold.ttf */,
				EDD253EB2CE5145C008C2B23 /* Montserrat-Medium.ttf */,
				EDD253EC2CE5145C008C2B23 /* Montserrat-Regular.ttf */,
				EDD253ED2CE5145C008C2B23 /* Poppins-Bold.ttf */,
				EDD253EE2CE5145C008C2B23 /* Poppins-Medium.ttf */,
				EDD253EF2CE5145C008C2B23 /* Poppins-Regular.ttf */,
			);
			path = Fonts;
			sourceTree = "<group>";
		};
		EDD2540A2CE51612008C2B23 /* Preview Content */ = {
			isa = PBXGroup;
			children = (
				EDD254092CE51612008C2B23 /* Preview Assets.xcassets */,
			);
			path = "Preview Content";
			sourceTree = "<group>";
		};
		EDD2540E2CE51612008C2B23 /* SwiftUISample */ = {
			isa = PBXGroup;
			children = (
				EDD254192CE51E19008C2B23 /* Resources */,
				EDD2541A2CE51ED2008C2B23 /* Source */,
			);
			path = SwiftUISample;
			sourceTree = "<group>";
		};
		EDD254132CE51653008C2B23 /* Frameworks */ = {
			isa = PBXGroup;
			children = (
			);
			name = Frameworks;
			sourceTree = "<group>";
		};
		EDD254192CE51E19008C2B23 /* Resources */ = {
			isa = PBXGroup;
			children = (
				EDD2540B2CE51612008C2B23 /* Assets.xcassets */,
				EDD2540A2CE51612008C2B23 /* Preview Content */,
			);
			path = Resources;
			sourceTree = "<group>";
		};
		EDD2541A2CE51ED2008C2B23 /* Source */ = {
			isa = PBXGroup;
			children = (
				EDD2541B2CE51ED8008C2B23 /* Core */,
				EDD2541C2CE51EEC008C2B23 /* Features */,
				EDD254202CE51FE3008C2B23 /* Models */,
			);
			path = Source;
			sourceTree = "<group>";
		};
		EDD2541B2CE51ED8008C2B23 /* Core */ = {
			isa = PBXGroup;
			children = (
				EDD254322CE52781008C2B23 /* Flavor.swift */,
				EDD2541E2CE51F6F008C2B23 /* AppDelegate.swift */,
				EDD2540D2CE51612008C2B23 /* SwiftUISampleApp.swift */,
			);
			path = Core;
			sourceTree = "<group>";
		};
		EDD2541C2CE51EEC008C2B23 /* Features */ = {
			isa = PBXGroup;
			children = (
				F1F1F1572D68ABC600D82776 /* SHPinCode */,
				F1F1F12A2D675D8D00D82776 /* SHToast */,
				F19E36E22D65F78000DB5D9F /* SHBulletIcon */,
				F19E36DC2D65F50D00DB5D9F /* SHIcon */,
				F1F1F1522D68A68300D82776 /* SHIllustration */,
				EDA01B922CE61B8700740E56 /* SHContainer */,
				F1F1F15D2D68E1BF00D82776 /* SHCurrencyField */,
				F14EB6272D652FA7008727A9 /* SHListItem */,
				EDA01B8C2CE5987600740E56 /* SHShortcut */,
				EDD254302CE52045008C2B23 /* SHButton */,
				EDDDE9722CEFA4170054C7E2 /* SHFeedbackView */,
				EDD2542D2CE5203F008C2B23 /* SHLabel */,
				ED3102862CEF65E500DEC9C4 /* SHLoading */,
				EDDDE96A2CEF7D390054C7E2 /* SHLoadingView */,
				EDDDE97E2CFA6D870054C7E2 /* SHPasswordField */,
				EDDDE9752CF924050054C7E2 /* SHTextfield */,
				EDD2542A2CE5203A008C2B23 /* FontsView */,
				EDD254272CE52034008C2B23 /* ColorsFromHex */,
				EDD254242CE52024008C2B23 /* ViewStatus */,
				EDD2541D2CE51F0C008C2B23 /* Home */,
			);
			path = Features;
			sourceTree = "<group>";
		};
		EDD2541D2CE51F0C008C2B23 /* Home */ = {
			isa = PBXGroup;
			children = (
				EDD2540C2CE51612008C2B23 /* HomeView.swift */,
			);
			path = Home;
			sourceTree = "<group>";
		};
		EDD254202CE51FE3008C2B23 /* Models */ = {
			isa = PBXGroup;
			children = (
				EDD254212CE51FF9008C2B23 /* SampleItem.swift */,
			);
			path = Models;
			sourceTree = "<group>";
		};
		EDD254242CE52024008C2B23 /* ViewStatus */ = {
			isa = PBXGroup;
			children = (
				EDD254232CE52024008C2B23 /* ViewStatusSampleView.swift */,
			);
			path = ViewStatus;
			sourceTree = "<group>";
		};
		EDD254272CE52034008C2B23 /* ColorsFromHex */ = {
			isa = PBXGroup;
			children = (
				EDD254262CE52034008C2B23 /* FlavorColorsView.swift */,
			);
			path = ColorsFromHex;
			sourceTree = "<group>";
		};
		EDD2542A2CE5203A008C2B23 /* FontsView */ = {
			isa = PBXGroup;
			children = (
				EDD254292CE5203A008C2B23 /* FontsView.swift */,
			);
			path = FontsView;
			sourceTree = "<group>";
		};
		EDD2542D2CE5203F008C2B23 /* SHLabel */ = {
			isa = PBXGroup;
			children = (
				EDD2542C2CE5203F008C2B23 /* SHLabelSampleView.swift */,
			);
			path = SHLabel;
			sourceTree = "<group>";
		};
		EDD254302CE52045008C2B23 /* SHButton */ = {
			isa = PBXGroup;
			children = (
				EDD2542F2CE52045008C2B23 /* SHButtonSampleView.swift */,
			);
			path = SHButton;
			sourceTree = "<group>";
		};
		EDD254372CE52B22008C2B23 /* FlavorColors */ = {
			isa = PBXGroup;
			children = (
				EDD254382CE52B35008C2B23 /* FlavorColors.swift */,
			);
			path = FlavorColors;
			sourceTree = "<group>";
		};
		EDDDE96A2CEF7D390054C7E2 /* SHLoadingView */ = {
			isa = PBXGroup;
			children = (
				EDDDE96B2CEF7D460054C7E2 /* SHLoadingViewSampleView.swift */,
			);
			path = SHLoadingView;
			sourceTree = "<group>";
		};
		EDDDE96D2CEF9FE10054C7E2 /* FeedbackView */ = {
			isa = PBXGroup;
			children = (
				EDDDE9702CEFA0270054C7E2 /* SHFeedbackView.swift */,
			);
			path = FeedbackView;
			sourceTree = "<group>";
		};
		EDDDE96E2CEF9FF90054C7E2 /* Components */ = {
			isa = PBXGroup;
			children = (
				F19E36DF2D65F5B800DB5D9F /* BulletIcon */,
				EDD253BC2CE51453008C2B23 /* Button */,
				F19E36D52D6534A900DB5D9F /* Container */,
				F1F1F15A2D68DD5300D82776 /* CurrencyField */,
				F19E36D72D65F37200DB5D9F /* Icon */,
				F1F1F14C2D68A52C00D82776 /* Illustration */,
				F1FBD4E32D19F19600DA11C4 /* ListItem */,
				EDD253BE2CE51453008C2B23 /* Label */,
				ED3102822CEF64F600DEC9C4 /* Loading */,
				EDDDE9812CFA6F100054C7E2 /* PasswordField */,
				F1F1F1542D68AAAD00D82776 /* PinCode */,
				EDA01B882CE5962500740E56 /* Shortcut */,
				EDDDE9782CF924960054C7E2 /* Textfield */,
				F1F1F1272D67550F00D82776 /* Toast */,
			);
			path = Components;
			sourceTree = "<group>";
		};
		EDDDE96F2CEFA0100054C7E2 /* Views */ = {
			isa = PBXGroup;
			children = (
				EDDDE96D2CEF9FE10054C7E2 /* FeedbackView */,
				ED31028B2CEF750D00DEC9C4 /* LoadingView */,
			);
			path = Views;
			sourceTree = "<group>";
		};
		EDDDE9722CEFA4170054C7E2 /* SHFeedbackView */ = {
			isa = PBXGroup;
			children = (
				EDDDE9732CEFA4400054C7E2 /* SHFeedbackViewSampleView.swift */,
			);
			path = SHFeedbackView;
			sourceTree = "<group>";
		};
		EDDDE9752CF924050054C7E2 /* SHTextfield */ = {
			isa = PBXGroup;
			children = (
				EDDDE9762CF9241F0054C7E2 /* SHTextfieldSampleView.swift */,
			);
			path = SHTextfield;
			sourceTree = "<group>";
		};
		EDDDE9782CF924960054C7E2 /* Textfield */ = {
			isa = PBXGroup;
			children = (
				EDDDE9792CF924A00054C7E2 /* SHTextField.swift */,
			);
			path = Textfield;
			sourceTree = "<group>";
		};
		EDDDE97E2CFA6D870054C7E2 /* SHPasswordField */ = {
			isa = PBXGroup;
			children = (
				EDDDE97F2CFA6E680054C7E2 /* SHPasswordFieldSampleView.swift */,
			);
			path = SHPasswordField;
			sourceTree = "<group>";
		};
		EDDDE9812CFA6F100054C7E2 /* PasswordField */ = {
			isa = PBXGroup;
			children = (
				EDDDE9822CFA6F320054C7E2 /* SHPasswordField.swift */,
			);
			path = PasswordField;
			sourceTree = "<group>";
		};
		F11009542D1A5174005DFC3F /* UIKit */ = {
			isa = PBXGroup;
			children = (
				F1B8157F2D1AF80700128643 /* Controller */,
				F1B815742D1AEB2000128643 /* Components */,
				F11009932D1AD991005DFC3F /* Extensions */,
				F11009982D1ADCCB005DFC3F /* ViewCode */,
			);
			path = UIKit;
			sourceTree = "<group>";
		};
		F110097B2D1A55A0005DFC3F /* UIKitSample */ = {
			isa = PBXGroup;
			children = (
				F11009842D1AD170005DFC3F /* Resources */,
				F11009832D1AD169005DFC3F /* Sources */,
			);
			path = UIKitSample;
			sourceTree = "<group>";
		};
		F11009832D1AD169005DFC3F /* Sources */ = {
			isa = PBXGroup;
			children = (
				F110098E2D1AD7A9005DFC3F /* Models */,
				F11009862D1AD2A8005DFC3F /* Features */,
				F11009852D1AD17A005DFC3F /* Core */,
			);
			path = Sources;
			sourceTree = "<group>";
		};
		F11009842D1AD170005DFC3F /* Resources */ = {
			isa = PBXGroup;
			children = (
				F11009732D1A55A0005DFC3F /* Assets.xcassets */,
				F11009742D1A55A0005DFC3F /* Info.plist */,
			);
			path = Resources;
			sourceTree = "<group>";
		};
		F11009852D1AD17A005DFC3F /* Core */ = {
			isa = PBXGroup;
			children = (
				F11009872D1AD380005DFC3F /* Flavor.swift */,
				F11009792D1A55A0005DFC3F /* SceneDelegate.swift */,
				F11009722D1A55A0005DFC3F /* AppDelegate.swift */,
			);
			path = Core;
			sourceTree = "<group>";
		};
		F11009862D1AD2A8005DFC3F /* Features */ = {
			isa = PBXGroup;
			children = (
				F1B8156C2D1AE17C00128643 /* FlavorColors */,
				F1B815712D1AE7EA00128643 /* Fonts */,
				F1B8158A2D1B156700128643 /* UISHButton */,
				F1B8159D2D1D9B6000128643 /* UISHFeedback */,
				F14BC9B92D5BFC4A0005BEEB /* UISHIconView */,
				F14BC9BC2D5C2D780005BEEB /* UISHBulletIconView */,
				F1B8157C2D1AF09600128643 /* UISHLabel */,
				F13816CB2D20A85400A91018 /* UISHListItem */,
				F1B815902D1B308900128643 /* UISHLoading */,
				F13816D12D20DBEA00A91018 /* UISHPasswordField */,
				F1B815A22D1DB1BB00128643 /* UISHShortcutButton */,
				F13816C52D1EE91E00A91018 /* UISHTextField */,
				F1F9F1BE2D3DA29E004EA3B1 /* UISHToast */,
				F1F9F1EB2D4A9C6A004EA3B1 /* UISHBottomSheet */,
				F110097A2D1A55A0005DFC3F /* ViewController.swift */,
			);
			path = Features;
			sourceTree = "<group>";
		};
		F110098E2D1AD7A9005DFC3F /* Models */ = {
			isa = PBXGroup;
			children = (
				F11009912D1AD7DD005DFC3F /* SampleItem.swift */,
			);
			path = Models;
			sourceTree = "<group>";
		};
		F11009932D1AD991005DFC3F /* Extensions */ = {
			isa = PBXGroup;
			children = (
				F1B815852D1B01FE00128643 /* UIViewController+DS+extensions.swift */,
				F1B8156F2D1AE2FA00128643 /* UIStackView+DS+extensions.swift */,
				F110099B2D1ADE0D005DFC3F /* UIView+DS+extensions.swift */,
				F11009962D1ADA0C005DFC3F /* UITableViewCell+DS+extensions.swift */,
				F11009942D1AD9AD005DFC3F /* UITableView+DS+extensions.swift */,
			);
			path = Extensions;
			sourceTree = "<group>";
		};
		F11009982D1ADCCB005DFC3F /* ViewCode */ = {
			isa = PBXGroup;
			children = (
				F11009992D1ADCE9005DFC3F /* ViewCode.swift */,
			);
			path = ViewCode;
			sourceTree = "<group>";
		};
		F13816C12D1ED5CA00A91018 /* TextField */ = {
			isa = PBXGroup;
			children = (
				F13816D42D20EC3700A91018 /* PrivateTextField.swift */,
				F13816C32D1EE5A500A91018 /* UISHTextField.swift */,
			);
			path = TextField;
			sourceTree = "<group>";
		};
		F13816C22D1EE4C300A91018 /* Shortcut */ = {
			isa = PBXGroup;
			children = (
				F1B815A02D1DAAAB00128643 /* UISHShortcutButton.swift */,
			);
			path = Shortcut;
			sourceTree = "<group>";
		};
		F13816C52D1EE91E00A91018 /* UISHTextField */ = {
			isa = PBXGroup;
			children = (
				F13816C62D1EE93900A91018 /* UISHTextFieldViewController.swift */,
			);
			path = UISHTextField;
			sourceTree = "<group>";
		};
		F13816C82D1F192C00A91018 /* ListItem */ = {
			isa = PBXGroup;
			children = (
				F13816C92D1F193800A91018 /* UISHListItem.swift */,
			);
			path = ListItem;
			sourceTree = "<group>";
		};
		F13816CB2D20A85400A91018 /* UISHListItem */ = {
			isa = PBXGroup;
			children = (
				F13816CC2D20A90300A91018 /* UISHListItemViewController.swift */,
			);
			path = UISHListItem;
			sourceTree = "<group>";
		};
		F13816CF2D20AC6600A91018 /* PasswordField */ = {
			isa = PBXGroup;
			children = (
				F13816CE2D20AC6600A91018 /* UISHPasswordField.swift */,
			);
			path = PasswordField;
			sourceTree = "<group>";
		};
		F13816D12D20DBEA00A91018 /* UISHPasswordField */ = {
			isa = PBXGroup;
			children = (
				F13816D22D20DC4700A91018 /* UISHPasswordFieldViewController.swift */,
			);
			path = UISHPasswordField;
			sourceTree = "<group>";
		};
		F14BC9B92D5BFC4A0005BEEB /* UISHIconView */ = {
			isa = PBXGroup;
			children = (
				F14BC9B82D5BFC4A0005BEEB /* UISHIconViewController.swift */,
			);
			path = UISHIconView;
			sourceTree = "<group>";
		};
		F14BC9BC2D5C2D780005BEEB /* UISHBulletIconView */ = {
			isa = PBXGroup;
			children = (
				F14BC9BB2D5C2D780005BEEB /* UISHBulletIconViewController.swift */,
			);
			path = UISHBulletIconView;
			sourceTree = "<group>";
		};
		F14EB6272D652FA7008727A9 /* SHListItem */ = {
			isa = PBXGroup;
			children = (
				F14EB6282D652FB0008727A9 /* SHListItemSampleView.swift */,
			);
			path = SHListItem;
			sourceTree = "<group>";
		};
		F19E36D52D6534A900DB5D9F /* Container */ = {
			isa = PBXGroup;
			children = (
				F19E36D42D6534A900DB5D9F /* SHContainerView.swift */,
			);
			path = Container;
			sourceTree = "<group>";
		};
		F19E36D72D65F37200DB5D9F /* Icon */ = {
			isa = PBXGroup;
			children = (
				F19E36D82D65F37A00DB5D9F /* SHIcon.swift */,
			);
			path = Icon;
			sourceTree = "<group>";
		};
		F19E36DC2D65F50D00DB5D9F /* SHIcon */ = {
			isa = PBXGroup;
			children = (
				F19E36DD2D65F51400DB5D9F /* SHIconSampleView.swift */,
			);
			path = SHIcon;
			sourceTree = "<group>";
		};
		F19E36DF2D65F5B800DB5D9F /* BulletIcon */ = {
			isa = PBXGroup;
			children = (
				F19E36E02D65F60F00DB5D9F /* SHBulletIcon.swift */,
			);
			path = BulletIcon;
			sourceTree = "<group>";
		};
		F19E36E22D65F78000DB5D9F /* SHBulletIcon */ = {
			isa = PBXGroup;
			children = (
				F19E36E32D65F78D00DB5D9F /* SHBulletIconSampleView.swift */,
			);
			path = SHBulletIcon;
			sourceTree = "<group>";
		};
		F1AAA03D2D57D04C00DB56CC /* BulletIcon */ = {
			isa = PBXGroup;
			children = (
				F1AAA03E2D57D05700DB56CC /* BulletIconView.swift */,
			);
			path = BulletIcon;
			sourceTree = "<group>";
		};
		F1AAA0402D5A3CE400DB56CC /* Icon */ = {
			isa = PBXGroup;
			children = (
				F1AAA0412D5A3CEB00DB56CC /* UISHIcon.swift */,
			);
			path = Icon;
			sourceTree = "<group>";
		};
		F1B8156C2D1AE17C00128643 /* FlavorColors */ = {
			isa = PBXGroup;
			children = (
				F1B8156D2D1AE18800128643 /* FlavorColorsViewController.swift */,
			);
			path = FlavorColors;
			sourceTree = "<group>";
		};
		F1B815712D1AE7EA00128643 /* Fonts */ = {
			isa = PBXGroup;
			children = (
				F1B815722D1AE7FA00128643 /* FontsViewController.swift */,
			);
			path = Fonts;
			sourceTree = "<group>";
		};
		F1B815742D1AEB2000128643 /* Components */ = {
			isa = PBXGroup;
			children = (
				F1AAA0402D5A3CE400DB56CC /* Icon */,
				F1AAA03D2D57D04C00DB56CC /* BulletIcon */,
				F1B815872D1B0F6100128643 /* Button */,
				F1B8158D2D1B2BDB00128643 /* Loading */,
				F1B815772D1AEB3B00128643 /* Label */,
				F13816C82D1F192C00A91018 /* ListItem */,
				F13816CF2D20AC6600A91018 /* PasswordField */,
				F13816C22D1EE4C300A91018 /* Shortcut */,
				F13816C12D1ED5CA00A91018 /* TextField */,
				F1F9F1BB2D3DA14F004EA3B1 /* Toast */,
			);
			path = Components;
			sourceTree = "<group>";
		};
		F1B815772D1AEB3B00128643 /* Label */ = {
			isa = PBXGroup;
			children = (
				F1B815782D1AEB4500128643 /* UISHLabel.swift */,
			);
			path = Label;
			sourceTree = "<group>";
		};
		F1B8157C2D1AF09600128643 /* UISHLabel */ = {
			isa = PBXGroup;
			children = (
				F1B8157D2D1AF0A300128643 /* UISHLabelViewController.swift */,
			);
			path = UISHLabel;
			sourceTree = "<group>";
		};
		F1B8157F2D1AF80700128643 /* Controller */ = {
			isa = PBXGroup;
			children = (
				F1F9F1ED2D4A9D20004EA3B1 /* BottomSheet */,
				F1B8159A2D1D915800128643 /* FeedbackController */,
				F1B815942D1CC37500128643 /* LoadingController */,
			);
			path = Controller;
			sourceTree = "<group>";
		};
		F1B815872D1B0F6100128643 /* Button */ = {
			isa = PBXGroup;
			children = (
				F1B815882D1B0F6A00128643 /* UISHButton.swift */,
			);
			path = Button;
			sourceTree = "<group>";
		};
		F1B8158A2D1B156700128643 /* UISHButton */ = {
			isa = PBXGroup;
			children = (
				F1B8158B2D1B158600128643 /* UISHButtonViewController.swift */,
			);
			path = UISHButton;
			sourceTree = "<group>";
		};
		F1B8158D2D1B2BDB00128643 /* Loading */ = {
			isa = PBXGroup;
			children = (
				F1B8158E2D1B2BEE00128643 /* UISHLoadingView.swift */,
			);
			path = Loading;
			sourceTree = "<group>";
		};
		F1B815902D1B308900128643 /* UISHLoading */ = {
			isa = PBXGroup;
			children = (
				F1B815982D1D780A00128643 /* UISHLoadingSampleMenuViewController.swift */,
				F1B815912D1B30A100128643 /* UISHLoadingSampleViewController.swift */,
			);
			path = UISHLoading;
			sourceTree = "<group>";
		};
		F1B815942D1CC37500128643 /* LoadingController */ = {
			isa = PBXGroup;
			children = (
				F1B815952D1CC39800128643 /* UISHLoadingViewController.swift */,
			);
			path = LoadingController;
			sourceTree = "<group>";
		};
		F1B8159A2D1D915800128643 /* FeedbackController */ = {
			isa = PBXGroup;
			children = (
				F1B8159B2D1D91CB00128643 /* UISHFeedbackViewController.swift */,
			);
			path = FeedbackController;
			sourceTree = "<group>";
		};
		F1B8159D2D1D9B6000128643 /* UISHFeedback */ = {
			isa = PBXGroup;
			children = (
				F1B8159E2D1D9B9C00128643 /* UISHFeedbackSampleMenuViewController.swift */,
			);
			path = UISHFeedback;
			sourceTree = "<group>";
		};
		F1B815A22D1DB1BB00128643 /* UISHShortcutButton */ = {
			isa = PBXGroup;
			children = (
				F1B815A32D1DB1DB00128643 /* UISHShortcutButtonViewController.swift */,
			);
			path = UISHShortcutButton;
			sourceTree = "<group>";
		};
		F1F1F1272D67550F00D82776 /* Toast */ = {
			isa = PBXGroup;
			children = (
				F1F1F1282D67555A00D82776 /* SHToast.swift */,
			);
			path = Toast;
			sourceTree = "<group>";
		};
		F1F1F12A2D675D8D00D82776 /* SHToast */ = {
			isa = PBXGroup;
			children = (
				F1F1F12B2D675D9C00D82776 /* SHToastSampleView.swift */,
			);
			path = SHToast;
			sourceTree = "<group>";
		};
		F1F1F1352D679A0400D82776 /* Extensions */ = {
			isa = PBXGroup;
			children = (
				F1F1F1362D679A0A00D82776 /* View+Extensions.swift */,
			);
			path = Extensions;
			sourceTree = "<group>";
		};
		F1F1F14C2D68A52C00D82776 /* Illustration */ = {
			isa = PBXGroup;
			children = (
				F1F1F14F2D68A56100D82776 /* SHIllustration.swift */,
			);
			path = Illustration;
			sourceTree = "<group>";
		};
		F1F1F1522D68A68300D82776 /* SHIllustration */ = {
			isa = PBXGroup;
			children = (
				F1F1F1512D68A68300D82776 /* SHIllustrationSampleView.swift */,
			);
			path = SHIllustration;
			sourceTree = "<group>";
		};
		F1F1F1542D68AAAD00D82776 /* PinCode */ = {
			isa = PBXGroup;
			children = (
				F1F1F1552D68AABE00D82776 /* SHPinCode.swift */,
			);
			path = PinCode;
			sourceTree = "<group>";
		};
		F1F1F1572D68ABC600D82776 /* SHPinCode */ = {
			isa = PBXGroup;
			children = (
				F1F1F1582D68ABD100D82776 /* SHPinCodeSampleView.swift */,
			);
			path = SHPinCode;
			sourceTree = "<group>";
		};
		F1F1F15A2D68DD5300D82776 /* CurrencyField */ = {
			isa = PBXGroup;
			children = (
				F1F1F15B2D68DD6000D82776 /* SHCurrencyField.swift */,
			);
			path = CurrencyField;
			sourceTree = "<group>";
		};
		F1F1F15D2D68E1BF00D82776 /* SHCurrencyField */ = {
			isa = PBXGroup;
			children = (
				F1F1F15E2D68E1CD00D82776 /* SHCurrencyFieldSampleView.swift */,
			);
			path = SHCurrencyField;
			sourceTree = "<group>";
		};
		F1F9F1BB2D3DA14F004EA3B1 /* Toast */ = {
			isa = PBXGroup;
			children = (
				F1F9F1BC2D3DA161004EA3B1 /* UISHToast.swift */,
			);
			path = Toast;
			sourceTree = "<group>";
		};
		F1F9F1BE2D3DA29E004EA3B1 /* UISHToast */ = {
			isa = PBXGroup;
			children = (
				F1F9F1BF2D3DA2A8004EA3B1 /* UISHToastViewController.swift */,
			);
			path = UISHToast;
			sourceTree = "<group>";
		};
		F1F9F1EB2D4A9C6A004EA3B1 /* UISHBottomSheet */ = {
			isa = PBXGroup;
			children = (
				F1F9F1EA2D4A9C6A004EA3B1 /* UISHBottomSheetViewController.swift */,
			);
			path = UISHBottomSheet;
			sourceTree = "<group>";
		};
		F1F9F1ED2D4A9D20004EA3B1 /* BottomSheet */ = {
			isa = PBXGroup;
			children = (
				F1F9F1F02D4A9D4E004EA3B1 /* UISHBottomSheet.swift */,
			);
			path = BottomSheet;
			sourceTree = "<group>";
		};
		F1FBD4E32D19F19600DA11C4 /* ListItem */ = {
			isa = PBXGroup;
			children = (
				F1FBD4E42D19F1E700DA11C4 /* SHListItemView.swift */,
			);
			path = ListItem;
			sourceTree = "<group>";
		};
/* End PBXGroup section */

/* Begin PBXHeadersBuildPhase section */
		EDD2539B2CE5137E008C2B23 /* Headers */ = {
			isa = PBXHeadersBuildPhase;
			buildActionMask = 2147483647;
			files = (
				EDD253B02CE5138A008C2B23 /* SharpnezDesignSystem.h in Headers */,
			);
			runOnlyForDeploymentPostprocessing = 0;
		};
/* End PBXHeadersBuildPhase section */

/* Begin PBXNativeTarget section */
		EDD2539F2CE5137E008C2B23 /* SharpnezDesignSystem */ = {
			isa = PBXNativeTarget;
			buildConfigurationList = EDD253A82CE5137E008C2B23 /* Build configuration list for PBXNativeTarget "SharpnezDesignSystem" */;
			buildPhases = (
				EDD2539B2CE5137E008C2B23 /* Headers */,
				EDD2539C2CE5137E008C2B23 /* Sources */,
				EDD2539D2CE5137E008C2B23 /* Frameworks */,
				EDD2539E2CE5137E008C2B23 /* Resources */,
			);
			buildRules = (
			);
			dependencies = (
			);
			name = SharpnezDesignSystem;
			productName = SharpnezDesignSystem;
			productReference = EDD253A02CE5137E008C2B23 /* SharpnezDesignSystem.framework */;
			productType = "com.apple.product-type.framework";
		};
		EDD253FA2CE51604008C2B23 /* SwiftUISample */ = {
			isa = PBXNativeTarget;
			buildConfigurationList = EDD254062CE51606008C2B23 /* Build configuration list for PBXNativeTarget "SwiftUISample" */;
			buildPhases = (
				EDD253F72CE51604008C2B23 /* Sources */,
				EDD253F82CE51604008C2B23 /* Frameworks */,
				EDD253F92CE51604008C2B23 /* Resources */,
				EDD254182CE51653008C2B23 /* Embed Frameworks */,
			);
			buildRules = (
			);
			dependencies = (
				EDD254172CE51653008C2B23 /* PBXTargetDependency */,
			);
			name = SwiftUISample;
			productName = SwiftUISample;
			productReference = EDD253FB2CE51604008C2B23 /* SwiftUISample.app */;
			productType = "com.apple.product-type.application";
		};
		F110095C2D1A5595005DFC3F /* UIKitSample */ = {
			isa = PBXNativeTarget;
			buildConfigurationList = F110096F2D1A5597005DFC3F /* Build configuration list for PBXNativeTarget "UIKitSample" */;
			buildPhases = (
				F11009592D1A5595005DFC3F /* Sources */,
				F110095A2D1A5595005DFC3F /* Frameworks */,
				F110095B2D1A5595005DFC3F /* Resources */,
				F110098D2D1AD619005DFC3F /* Embed Frameworks */,
			);
			buildRules = (
			);
			dependencies = (
				F110098C2D1AD619005DFC3F /* PBXTargetDependency */,
			);
			name = UIKitSample;
			productName = UIKitSample;
			productReference = F110095D2D1A5595005DFC3F /* UIKitSample.app */;
			productType = "com.apple.product-type.application";
		};
/* End PBXNativeTarget section */

/* Begin PBXProject section */
		EDD253972CE5137E008C2B23 /* Project object */ = {
			isa = PBXProject;
			attributes = {
				BuildIndependentTargetsInParallel = 1;
				LastSwiftUpdateCheck = 1620;
				LastUpgradeCheck = 1600;
				TargetAttributes = {
					EDD2539F2CE5137E008C2B23 = {
						CreatedOnToolsVersion = 16.0;
					};
					EDD253FA2CE51604008C2B23 = {
						CreatedOnToolsVersion = 16.0;
					};
					F110095C2D1A5595005DFC3F = {
						CreatedOnToolsVersion = 16.2;
					};
				};
			};
			buildConfigurationList = EDD2539A2CE5137E008C2B23 /* Build configuration list for PBXProject "SharpnezDesignSystem" */;
			developmentRegion = en;
			hasScannedForEncodings = 0;
			knownRegions = (
				en,
				Base,
			);
			mainGroup = EDD253962CE5137E008C2B23;
			minimizedProjectReferenceProxies = 1;
			packageReferences = (
				F1B880722D72095300E8288D /* XCRemoteSwiftPackageReference "CurrencyText" */,
			);
			preferredProjectObjectVersion = 77;
			productRefGroup = EDD253A12CE5137E008C2B23 /* Products */;
			projectDirPath = "";
			projectRoot = "";
			targets = (
				EDD2539F2CE5137E008C2B23 /* SharpnezDesignSystem */,
				EDD253FA2CE51604008C2B23 /* SwiftUISample */,
				F110095C2D1A5595005DFC3F /* UIKitSample */,
			);
		};
/* End PBXProject section */

/* Begin PBXResourcesBuildPhase section */
		EDD2539E2CE5137E008C2B23 /* Resources */ = {
			isa = PBXResourcesBuildPhase;
			buildActionMask = 2147483647;
			files = (
				EDD253F12CE5145C008C2B23 /* Poppins-Regular.ttf in Resources */,
				EDD253F22CE5145C008C2B23 /* Montserrat-Bold.ttf in Resources */,
				EDD253F32CE5145C008C2B23 /* Montserrat-Medium.ttf in Resources */,
				EDD253F42CE5145C008C2B23 /* Montserrat-Regular.ttf in Resources */,
				F1AAA0442D5A45A400DB56CC /* Assets.xcassets in Resources */,
				EDD253F52CE5145C008C2B23 /* Poppins-Bold.ttf in Resources */,
				EDD253F62CE5145C008C2B23 /* Poppins-Medium.ttf in Resources */,
			);
			runOnlyForDeploymentPostprocessing = 0;
		};
		EDD253F92CE51604008C2B23 /* Resources */ = {
			isa = PBXResourcesBuildPhase;
			buildActionMask = 2147483647;
			files = (
				EDD254112CE51612008C2B23 /* Preview Assets.xcassets in Resources */,
				EDD254122CE51612008C2B23 /* Assets.xcassets in Resources */,
			);
			runOnlyForDeploymentPostprocessing = 0;
		};
		F110095B2D1A5595005DFC3F /* Resources */ = {
			isa = PBXResourcesBuildPhase;
			buildActionMask = 2147483647;
			files = (
				F110097F2D1A55A0005DFC3F /* Assets.xcassets in Resources */,
			);
			runOnlyForDeploymentPostprocessing = 0;
		};
/* End PBXResourcesBuildPhase section */

/* Begin PBXSourcesBuildPhase section */
		EDD2539C2CE5137E008C2B23 /* Sources */ = {
			isa = PBXSourcesBuildPhase;
			buildActionMask = 2147483647;
			files = (
				EDDDE97A2CF924AD0054C7E2 /* SHTextField.swift in Sources */,
				F19E36DB2D65F3E800DB5D9F /* Bundle.swift in Sources */,
				F1B8158F2D1B2BF500128643 /* UISHLoadingView.swift in Sources */,
				F1AAA0422D5A3CEF00DB56CC /* UISHIcon.swift in Sources */,
				EDD253D62CE51453008C2B23 /* ViewStatus.swift in Sources */,
				ED3102842CEF651E00DEC9C4 /* SHLoading.swift in Sources */,
				EDD254392CE52B3C008C2B23 /* FlavorColors.swift in Sources */,
				F1AAA03F2D57D06100DB56CC /* BulletIconView.swift in Sources */,
				F1B815A12D1DAAC100128643 /* UISHShortcutButton.swift in Sources */,
				F1F1F1502D68A56100D82776 /* SHIllustration.swift in Sources */,
				EDD253DA2CE51453008C2B23 /* DSConstants.swift in Sources */,
				F13816D02D20AC6600A91018 /* UISHPasswordField.swift in Sources */,
				F110099A2D1ADCEC005DFC3F /* ViewCode.swift in Sources */,
				EDD253DB2CE51453008C2B23 /* Color+DS+extensions.swift in Sources */,
				F1B815962D1CC3B100128643 /* UISHLoadingViewController.swift in Sources */,
				F1F1F1292D67556200D82776 /* SHToast.swift in Sources */,
				EDD253DD2CE51453008C2B23 /* CGFloat+DS+extensions.swift in Sources */,
				F11009582D1A5398005DFC3F /* UIColor+DS+extensions.swift in Sources */,
				F1F1F1562D68AAC700D82776 /* SHPinCode.swift in Sources */,
				F1B815892D1B0F6E00128643 /* UISHButton.swift in Sources */,
				F19E36D62D6534A900DB5D9F /* SHContainerView.swift in Sources */,
				F19E36E12D65F61600DB5D9F /* SHBulletIcon.swift in Sources */,
				F11009952D1AD9C8005DFC3F /* UITableView+DS+extensions.swift in Sources */,
				F11009562D1A5326005DFC3F /* Font+DS+extensions.swift in Sources */,
				EDD253DF2CE51453008C2B23 /* DesignSystemConfiguration.swift in Sources */,
				F1B8159C2D1D922200128643 /* UISHFeedbackViewController.swift in Sources */,
				F13816C42D1EE5AE00A91018 /* UISHTextField.swift in Sources */,
				EDDDE9832CFA6F440054C7E2 /* SHPasswordField.swift in Sources */,
				EDD253E22CE51453008C2B23 /* SHLabel.swift in Sources */,
				F1B815792D1AEB4B00128643 /* UISHLabel.swift in Sources */,
				F1F1F1372D679A1500D82776 /* View+Extensions.swift in Sources */,
				EDD253E42CE51453008C2B23 /* SHButton.swift in Sources */,
				F1B815862D1B020800128643 /* UIViewController+DS+extensions.swift in Sources */,
				F1B815702D1AE30600128643 /* UIStackView+DS+extensions.swift in Sources */,
				EDA01B8A2CE5964000740E56 /* SHShortcutButton.swift in Sources */,
				F11009972D1ADA1D005DFC3F /* UITableViewCell+DS+extensions.swift in Sources */,
				F1FBD4E52D19F1E700DA11C4 /* SHListItemView.swift in Sources */,
				F110099C2D1ADE18005DFC3F /* UIView+DS+extensions.swift in Sources */,
				F19E36D92D65F37E00DB5D9F /* SHIcon.swift in Sources */,
				F13816D52D20EC3D00A91018 /* PrivateTextField.swift in Sources */,
				F1F9F1F12D4A9D56004EA3B1 /* UISHBottomSheet.swift in Sources */,
				EDDDE9712CEFA02F0054C7E2 /* SHFeedbackView.swift in Sources */,
				F1F1F15C2D68DD6B00D82776 /* SHCurrencyField.swift in Sources */,
				EDD253E82CE51453008C2B23 /* UIFont+DS+extensions.swift in Sources */,
				ED31028D2CEF752100DEC9C4 /* SHLoadingView.swift in Sources */,
				EDD253B12CE5138A008C2B23 /* SharpnezDesignSystem.docc in Sources */,
				F1F9F1BD2D3DA169004EA3B1 /* UISHToast.swift in Sources */,
				F13816CA2D1F198B00A91018 /* UISHListItem.swift in Sources */,
			);
			runOnlyForDeploymentPostprocessing = 0;
		};
		EDD253F72CE51604008C2B23 /* Sources */ = {
			isa = PBXSourcesBuildPhase;
			buildActionMask = 2147483647;
			files = (
				EDD254252CE52024008C2B23 /* ViewStatusSampleView.swift in Sources */,
				EDD254222CE51FF9008C2B23 /* SampleItem.swift in Sources */,
				F1F1F1532D68A68300D82776 /* SHIllustrationSampleView.swift in Sources */,
				EDD2542E2CE5203F008C2B23 /* SHLabelSampleView.swift in Sources */,
				EDA01B8E2CE5991B00740E56 /* SHShortcutSampleView.swift in Sources */,
				F14EB6292D652FBC008727A9 /* SHListItemSampleView.swift in Sources */,
				EDD2541F2CE51F78008C2B23 /* AppDelegate.swift in Sources */,
				EDDDE96C2CEF7D500054C7E2 /* SHLoadingViewSampleView.swift in Sources */,
				ED3102872CEF65E500DEC9C4 /* SHLoadingSampleView.swift in Sources */,
				F1F1F15F2D68E1D600D82776 /* SHCurrencyFieldSampleView.swift in Sources */,
				EDDDE9772CF9242E0054C7E2 /* SHTextfieldSampleView.swift in Sources */,
				EDA01B942CE61BA200740E56 /* SHContainerSampleView.swift in Sources */,
				EDD2542B2CE5203A008C2B23 /* FontsView.swift in Sources */,
				EDDDE9802CFA6E7F0054C7E2 /* SHPasswordFieldSampleView.swift in Sources */,
				EDD2540F2CE51612008C2B23 /* HomeView.swift in Sources */,
				EDD254282CE52034008C2B23 /* FlavorColorsView.swift in Sources */,
				EDD254332CE5279A008C2B23 /* Flavor.swift in Sources */,
				F19E36DE2D65F51B00DB5D9F /* SHIconSampleView.swift in Sources */,
				F19E36E42D65F79800DB5D9F /* SHBulletIconSampleView.swift in Sources */,
				EDDDE9742CEFA4400054C7E2 /* SHFeedbackViewSampleView.swift in Sources */,
				EDD254102CE51612008C2B23 /* SwiftUISampleApp.swift in Sources */,
				F1F1F12C2D675DA700D82776 /* SHToastSampleView.swift in Sources */,
				F1F1F1592D68ABDB00D82776 /* SHPinCodeSampleView.swift in Sources */,
				EDD254312CE52045008C2B23 /* SHButtonSampleView.swift in Sources */,
			);
			runOnlyForDeploymentPostprocessing = 0;
		};
		F11009592D1A5595005DFC3F /* Sources */ = {
			isa = PBXSourcesBuildPhase;
			buildActionMask = 2147483647;
			files = (
				F14BC9BA2D5BFC4A0005BEEB /* UISHIconViewController.swift in Sources */,
				F1F9F1EC2D4A9C6A004EA3B1 /* UISHBottomSheetViewController.swift in Sources */,
				F1B8157E2D1AF0B000128643 /* UISHLabelViewController.swift in Sources */,
				F110097C2D1A55A0005DFC3F /* AppDelegate.swift in Sources */,
				F1B815A42D1DB1E900128643 /* UISHShortcutButtonViewController.swift in Sources */,
				F1F9F1C02D3DA2A8004EA3B1 /* UISHToastViewController.swift in Sources */,
				F1B815732D1AE80300128643 /* FontsViewController.swift in Sources */,
				F1B8159F2D1D9BAD00128643 /* UISHFeedbackSampleMenuViewController.swift in Sources */,
				F11009882D1AD380005DFC3F /* Flavor.swift in Sources */,
				F1B815992D1D781B00128643 /* UISHLoadingSampleMenuViewController.swift in Sources */,
				F13816C72D1EE94200A91018 /* UISHTextFieldViewController.swift in Sources */,
				F110097D2D1A55A0005DFC3F /* SceneDelegate.swift in Sources */,
				F1B815922D1B30AA00128643 /* UISHLoadingSampleViewController.swift in Sources */,
				F1B8156E2D1AE1B000128643 /* FlavorColorsViewController.swift in Sources */,
				F13816CD2D20A90F00A91018 /* UISHListItemViewController.swift in Sources */,
				F110097E2D1A55A0005DFC3F /* ViewController.swift in Sources */,
				F13816D32D20DC5700A91018 /* UISHPasswordFieldViewController.swift in Sources */,
				F14BC9BD2D5C2D780005BEEB /* UISHBulletIconViewController.swift in Sources */,
				F11009922D1AD7E2005DFC3F /* SampleItem.swift in Sources */,
				F1B8158C2D1B158E00128643 /* UISHButtonViewController.swift in Sources */,
			);
			runOnlyForDeploymentPostprocessing = 0;
		};
/* End PBXSourcesBuildPhase section */

/* Begin PBXTargetDependency section */
		EDD254172CE51653008C2B23 /* PBXTargetDependency */ = {
			isa = PBXTargetDependency;
			target = EDD2539F2CE5137E008C2B23 /* SharpnezDesignSystem */;
			targetProxy = EDD254162CE51653008C2B23 /* PBXContainerItemProxy */;
		};
		F110098C2D1AD619005DFC3F /* PBXTargetDependency */ = {
			isa = PBXTargetDependency;
			target = EDD2539F2CE5137E008C2B23 /* SharpnezDesignSystem */;
			targetProxy = F110098B2D1AD619005DFC3F /* PBXContainerItemProxy */;
		};
/* End PBXTargetDependency section */

/* Begin XCBuildConfiguration section */
		EDD253A92CE5137E008C2B23 /* Debug */ = {
			isa = XCBuildConfiguration;
			buildSettings = {
				BUILD_LIBRARY_FOR_DISTRIBUTION = NO;
				CODE_SIGN_STYLE = Automatic;
				CURRENT_PROJECT_VERSION = 1;
				DEFINES_MODULE = YES;
				DEVELOPMENT_TEAM = 9Y7M54NCKD;
				DYLIB_COMPATIBILITY_VERSION = 1;
				DYLIB_CURRENT_VERSION = 1;
				DYLIB_INSTALL_NAME_BASE = "@rpath";
				ENABLE_MODULE_VERIFIER = YES;
				ENABLE_USER_SCRIPT_SANDBOXING = NO;
				GENERATE_INFOPLIST_FILE = YES;
				INFOPLIST_KEY_NSHumanReadableCopyright = "";
				INSTALL_PATH = "$(LOCAL_LIBRARY_DIR)/Frameworks";
				LD_RUNPATH_SEARCH_PATHS = (
					"$(inherited)",
					"@executable_path/Frameworks",
					"@loader_path/Frameworks",
				);
				MARKETING_VERSION = 1.0;
				MODULE_VERIFIER_SUPPORTED_LANGUAGES = "objective-c objective-c++";
				MODULE_VERIFIER_SUPPORTED_LANGUAGE_STANDARDS = "gnu17 gnu++20";
				PRODUCT_BUNDLE_IDENTIFIER = com.tiagolinharess.SharpnezDesignSystem;
				PRODUCT_NAME = "$(TARGET_NAME:c99extidentifier)";
				SKIP_INSTALL = YES;
				SWIFT_EMIT_LOC_STRINGS = YES;
				SWIFT_INSTALL_OBJC_HEADER = NO;
				SWIFT_VERSION = 5.0;
				TARGETED_DEVICE_FAMILY = "1,2";
			};
			name = Debug;
		};
		EDD253AA2CE5137E008C2B23 /* Release */ = {
			isa = XCBuildConfiguration;
			buildSettings = {
				BUILD_LIBRARY_FOR_DISTRIBUTION = NO;
				CODE_SIGN_STYLE = Automatic;
				CURRENT_PROJECT_VERSION = 1;
				DEFINES_MODULE = YES;
				DEVELOPMENT_TEAM = 9Y7M54NCKD;
				DYLIB_COMPATIBILITY_VERSION = 1;
				DYLIB_CURRENT_VERSION = 1;
				DYLIB_INSTALL_NAME_BASE = "@rpath";
				ENABLE_MODULE_VERIFIER = YES;
				ENABLE_USER_SCRIPT_SANDBOXING = NO;
				GENERATE_INFOPLIST_FILE = YES;
				INFOPLIST_KEY_NSHumanReadableCopyright = "";
				INSTALL_PATH = "$(LOCAL_LIBRARY_DIR)/Frameworks";
				LD_RUNPATH_SEARCH_PATHS = (
					"$(inherited)",
					"@executable_path/Frameworks",
					"@loader_path/Frameworks",
				);
				MARKETING_VERSION = 1.0;
				MODULE_VERIFIER_SUPPORTED_LANGUAGES = "objective-c objective-c++";
				MODULE_VERIFIER_SUPPORTED_LANGUAGE_STANDARDS = "gnu17 gnu++20";
				PRODUCT_BUNDLE_IDENTIFIER = com.tiagolinharess.SharpnezDesignSystem;
				PRODUCT_NAME = "$(TARGET_NAME:c99extidentifier)";
				SKIP_INSTALL = YES;
				SWIFT_EMIT_LOC_STRINGS = YES;
				SWIFT_INSTALL_OBJC_HEADER = NO;
				SWIFT_VERSION = 5.0;
				TARGETED_DEVICE_FAMILY = "1,2";
			};
			name = Release;
		};
		EDD253AB2CE5137E008C2B23 /* Debug */ = {
			isa = XCBuildConfiguration;
			buildSettings = {
				ALWAYS_SEARCH_USER_PATHS = NO;
				ASSETCATALOG_COMPILER_GENERATE_SWIFT_ASSET_SYMBOL_EXTENSIONS = YES;
				CLANG_ANALYZER_NONNULL = YES;
				CLANG_ANALYZER_NUMBER_OBJECT_CONVERSION = YES_AGGRESSIVE;
				CLANG_CXX_LANGUAGE_STANDARD = "gnu++20";
				CLANG_ENABLE_MODULES = YES;
				CLANG_ENABLE_OBJC_ARC = YES;
				CLANG_ENABLE_OBJC_WEAK = YES;
				CLANG_WARN_BLOCK_CAPTURE_AUTORELEASING = YES;
				CLANG_WARN_BOOL_CONVERSION = YES;
				CLANG_WARN_COMMA = YES;
				CLANG_WARN_CONSTANT_CONVERSION = YES;
				CLANG_WARN_DEPRECATED_OBJC_IMPLEMENTATIONS = YES;
				CLANG_WARN_DIRECT_OBJC_ISA_USAGE = YES_ERROR;
				CLANG_WARN_DOCUMENTATION_COMMENTS = YES;
				CLANG_WARN_EMPTY_BODY = YES;
				CLANG_WARN_ENUM_CONVERSION = YES;
				CLANG_WARN_INFINITE_RECURSION = YES;
				CLANG_WARN_INT_CONVERSION = YES;
				CLANG_WARN_NON_LITERAL_NULL_CONVERSION = YES;
				CLANG_WARN_OBJC_IMPLICIT_RETAIN_SELF = YES;
				CLANG_WARN_OBJC_LITERAL_CONVERSION = YES;
				CLANG_WARN_OBJC_ROOT_CLASS = YES_ERROR;
				CLANG_WARN_QUOTED_INCLUDE_IN_FRAMEWORK_HEADER = YES;
				CLANG_WARN_RANGE_LOOP_ANALYSIS = YES;
				CLANG_WARN_STRICT_PROTOTYPES = YES;
				CLANG_WARN_SUSPICIOUS_MOVE = YES;
				CLANG_WARN_UNGUARDED_AVAILABILITY = YES_AGGRESSIVE;
				CLANG_WARN_UNREACHABLE_CODE = YES;
				CLANG_WARN__DUPLICATE_METHOD_MATCH = YES;
				COPY_PHASE_STRIP = NO;
				CURRENT_PROJECT_VERSION = 1;
				DEBUG_INFORMATION_FORMAT = dwarf;
				ENABLE_STRICT_OBJC_MSGSEND = YES;
				ENABLE_TESTABILITY = YES;
				ENABLE_USER_SCRIPT_SANDBOXING = YES;
				GCC_C_LANGUAGE_STANDARD = gnu17;
				GCC_DYNAMIC_NO_PIC = NO;
				GCC_NO_COMMON_BLOCKS = YES;
				GCC_OPTIMIZATION_LEVEL = 0;
				GCC_PREPROCESSOR_DEFINITIONS = (
					"DEBUG=1",
					"$(inherited)",
				);
				GCC_WARN_64_TO_32_BIT_CONVERSION = YES;
				GCC_WARN_ABOUT_RETURN_TYPE = YES_ERROR;
				GCC_WARN_UNDECLARED_SELECTOR = YES;
				GCC_WARN_UNINITIALIZED_AUTOS = YES_AGGRESSIVE;
				GCC_WARN_UNUSED_FUNCTION = YES;
				GCC_WARN_UNUSED_VARIABLE = YES;
				IPHONEOS_DEPLOYMENT_TARGET = 18.0;
				LOCALIZATION_PREFERS_STRING_CATALOGS = YES;
				MTL_ENABLE_DEBUG_INFO = INCLUDE_SOURCE;
				MTL_FAST_MATH = YES;
				ONLY_ACTIVE_ARCH = YES;
				SDKROOT = iphoneos;
				SWIFT_ACTIVE_COMPILATION_CONDITIONS = "DEBUG $(inherited)";
				SWIFT_OPTIMIZATION_LEVEL = "-Onone";
				VERSIONING_SYSTEM = "apple-generic";
				VERSION_INFO_PREFIX = "";
			};
			name = Debug;
		};
		EDD253AC2CE5137E008C2B23 /* Release */ = {
			isa = XCBuildConfiguration;
			buildSettings = {
				ALWAYS_SEARCH_USER_PATHS = NO;
				ASSETCATALOG_COMPILER_GENERATE_SWIFT_ASSET_SYMBOL_EXTENSIONS = YES;
				CLANG_ANALYZER_NONNULL = YES;
				CLANG_ANALYZER_NUMBER_OBJECT_CONVERSION = YES_AGGRESSIVE;
				CLANG_CXX_LANGUAGE_STANDARD = "gnu++20";
				CLANG_ENABLE_MODULES = YES;
				CLANG_ENABLE_OBJC_ARC = YES;
				CLANG_ENABLE_OBJC_WEAK = YES;
				CLANG_WARN_BLOCK_CAPTURE_AUTORELEASING = YES;
				CLANG_WARN_BOOL_CONVERSION = YES;
				CLANG_WARN_COMMA = YES;
				CLANG_WARN_CONSTANT_CONVERSION = YES;
				CLANG_WARN_DEPRECATED_OBJC_IMPLEMENTATIONS = YES;
				CLANG_WARN_DIRECT_OBJC_ISA_USAGE = YES_ERROR;
				CLANG_WARN_DOCUMENTATION_COMMENTS = YES;
				CLANG_WARN_EMPTY_BODY = YES;
				CLANG_WARN_ENUM_CONVERSION = YES;
				CLANG_WARN_INFINITE_RECURSION = YES;
				CLANG_WARN_INT_CONVERSION = YES;
				CLANG_WARN_NON_LITERAL_NULL_CONVERSION = YES;
				CLANG_WARN_OBJC_IMPLICIT_RETAIN_SELF = YES;
				CLANG_WARN_OBJC_LITERAL_CONVERSION = YES;
				CLANG_WARN_OBJC_ROOT_CLASS = YES_ERROR;
				CLANG_WARN_QUOTED_INCLUDE_IN_FRAMEWORK_HEADER = YES;
				CLANG_WARN_RANGE_LOOP_ANALYSIS = YES;
				CLANG_WARN_STRICT_PROTOTYPES = YES;
				CLANG_WARN_SUSPICIOUS_MOVE = YES;
				CLANG_WARN_UNGUARDED_AVAILABILITY = YES_AGGRESSIVE;
				CLANG_WARN_UNREACHABLE_CODE = YES;
				CLANG_WARN__DUPLICATE_METHOD_MATCH = YES;
				COPY_PHASE_STRIP = NO;
				CURRENT_PROJECT_VERSION = 1;
				DEBUG_INFORMATION_FORMAT = "dwarf-with-dsym";
				ENABLE_NS_ASSERTIONS = NO;
				ENABLE_STRICT_OBJC_MSGSEND = YES;
				ENABLE_USER_SCRIPT_SANDBOXING = YES;
				GCC_C_LANGUAGE_STANDARD = gnu17;
				GCC_NO_COMMON_BLOCKS = YES;
				GCC_WARN_64_TO_32_BIT_CONVERSION = YES;
				GCC_WARN_ABOUT_RETURN_TYPE = YES_ERROR;
				GCC_WARN_UNDECLARED_SELECTOR = YES;
				GCC_WARN_UNINITIALIZED_AUTOS = YES_AGGRESSIVE;
				GCC_WARN_UNUSED_FUNCTION = YES;
				GCC_WARN_UNUSED_VARIABLE = YES;
				IPHONEOS_DEPLOYMENT_TARGET = 18.0;
				LOCALIZATION_PREFERS_STRING_CATALOGS = YES;
				MTL_ENABLE_DEBUG_INFO = NO;
				MTL_FAST_MATH = YES;
				SDKROOT = iphoneos;
				SWIFT_COMPILATION_MODE = wholemodule;
				VALIDATE_PRODUCT = YES;
				VERSIONING_SYSTEM = "apple-generic";
				VERSION_INFO_PREFIX = "";
			};
			name = Release;
		};
		EDD254072CE51606008C2B23 /* Debug */ = {
			isa = XCBuildConfiguration;
			buildSettings = {
				ASSETCATALOG_COMPILER_APPICON_NAME = AppIcon;
				ASSETCATALOG_COMPILER_GLOBAL_ACCENT_COLOR_NAME = AccentColor;
				CODE_SIGN_STYLE = Automatic;
				CURRENT_PROJECT_VERSION = 1;
				DEVELOPMENT_ASSET_PATHS = "\"SwiftUISample/Resources/Preview Content\"";
				DEVELOPMENT_TEAM = 9Y7M54NCKD;
				ENABLE_PREVIEWS = YES;
				ENABLE_USER_SCRIPT_SANDBOXING = NO;
				GENERATE_INFOPLIST_FILE = YES;
				INFOPLIST_KEY_UIApplicationSceneManifest_Generation = YES;
				INFOPLIST_KEY_UIApplicationSupportsIndirectInputEvents = YES;
				INFOPLIST_KEY_UILaunchScreen_Generation = YES;
				INFOPLIST_KEY_UISupportedInterfaceOrientations_iPad = "UIInterfaceOrientationPortrait UIInterfaceOrientationPortraitUpsideDown UIInterfaceOrientationLandscapeLeft UIInterfaceOrientationLandscapeRight";
				INFOPLIST_KEY_UISupportedInterfaceOrientations_iPhone = "UIInterfaceOrientationPortrait UIInterfaceOrientationLandscapeLeft UIInterfaceOrientationLandscapeRight";
				LD_RUNPATH_SEARCH_PATHS = (
					"$(inherited)",
					"@executable_path/Frameworks",
				);
				MARKETING_VERSION = 1.0;
				PRODUCT_BUNDLE_IDENTIFIER = com.tiagolinharess.SwiftUISample;
				PRODUCT_NAME = "$(TARGET_NAME)";
				SWIFT_EMIT_LOC_STRINGS = YES;
				SWIFT_VERSION = 5.0;
				TARGETED_DEVICE_FAMILY = "1,2";
			};
			name = Debug;
		};
		EDD254082CE51606008C2B23 /* Release */ = {
			isa = XCBuildConfiguration;
			buildSettings = {
				ASSETCATALOG_COMPILER_APPICON_NAME = AppIcon;
				ASSETCATALOG_COMPILER_GLOBAL_ACCENT_COLOR_NAME = AccentColor;
				CODE_SIGN_STYLE = Automatic;
				CURRENT_PROJECT_VERSION = 1;
				DEVELOPMENT_ASSET_PATHS = "\"SwiftUISample/Resources/Preview Content\"";
				DEVELOPMENT_TEAM = 9Y7M54NCKD;
				ENABLE_PREVIEWS = YES;
				ENABLE_USER_SCRIPT_SANDBOXING = NO;
				GENERATE_INFOPLIST_FILE = YES;
				INFOPLIST_KEY_UIApplicationSceneManifest_Generation = YES;
				INFOPLIST_KEY_UIApplicationSupportsIndirectInputEvents = YES;
				INFOPLIST_KEY_UILaunchScreen_Generation = YES;
				INFOPLIST_KEY_UISupportedInterfaceOrientations_iPad = "UIInterfaceOrientationPortrait UIInterfaceOrientationPortraitUpsideDown UIInterfaceOrientationLandscapeLeft UIInterfaceOrientationLandscapeRight";
				INFOPLIST_KEY_UISupportedInterfaceOrientations_iPhone = "UIInterfaceOrientationPortrait UIInterfaceOrientationLandscapeLeft UIInterfaceOrientationLandscapeRight";
				LD_RUNPATH_SEARCH_PATHS = (
					"$(inherited)",
					"@executable_path/Frameworks",
				);
				MARKETING_VERSION = 1.0;
				PRODUCT_BUNDLE_IDENTIFIER = com.tiagolinharess.SwiftUISample;
				PRODUCT_NAME = "$(TARGET_NAME)";
				SWIFT_EMIT_LOC_STRINGS = YES;
				SWIFT_VERSION = 5.0;
				TARGETED_DEVICE_FAMILY = "1,2";
			};
			name = Release;
		};
		F11009702D1A5597005DFC3F /* Debug */ = {
			isa = XCBuildConfiguration;
			buildSettings = {
				ASSETCATALOG_COMPILER_APPICON_NAME = AppIcon;
				ASSETCATALOG_COMPILER_GLOBAL_ACCENT_COLOR_NAME = AccentColor;
				CODE_SIGN_STYLE = Automatic;
				CURRENT_PROJECT_VERSION = 1;
				DEVELOPMENT_TEAM = 9Y7M54NCKD;
				ENABLE_USER_SCRIPT_SANDBOXING = NO;
				GENERATE_INFOPLIST_FILE = YES;
				INFOPLIST_FILE = UIKitSample/Resources/Info.plist;
				INFOPLIST_KEY_UIApplicationSupportsIndirectInputEvents = YES;
				INFOPLIST_KEY_UILaunchStoryboardName = LaunchScreen;
				INFOPLIST_KEY_UISupportedInterfaceOrientations_iPad = "UIInterfaceOrientationPortrait UIInterfaceOrientationPortraitUpsideDown UIInterfaceOrientationLandscapeLeft UIInterfaceOrientationLandscapeRight";
				INFOPLIST_KEY_UISupportedInterfaceOrientations_iPhone = "UIInterfaceOrientationPortrait UIInterfaceOrientationLandscapeLeft UIInterfaceOrientationLandscapeRight";
				INFOPLIST_KEY_UIUserInterfaceStyle = Light;
				IPHONEOS_DEPLOYMENT_TARGET = 18.2;
				LD_RUNPATH_SEARCH_PATHS = (
					"$(inherited)",
					"@executable_path/Frameworks",
				);
				MARKETING_VERSION = 1.0;
				PRODUCT_BUNDLE_IDENTIFIER = tiagolinhares.UIKitSample.device;
				PRODUCT_NAME = "$(TARGET_NAME)";
				SWIFT_EMIT_LOC_STRINGS = YES;
				SWIFT_VERSION = 5.0;
				TARGETED_DEVICE_FAMILY = "1,2";
			};
			name = Debug;
		};
		F11009712D1A5597005DFC3F /* Release */ = {
			isa = XCBuildConfiguration;
			buildSettings = {
				ASSETCATALOG_COMPILER_APPICON_NAME = AppIcon;
				ASSETCATALOG_COMPILER_GLOBAL_ACCENT_COLOR_NAME = AccentColor;
				CODE_SIGN_STYLE = Automatic;
				CURRENT_PROJECT_VERSION = 1;
				DEVELOPMENT_TEAM = 9Y7M54NCKD;
				ENABLE_USER_SCRIPT_SANDBOXING = NO;
				GENERATE_INFOPLIST_FILE = YES;
				INFOPLIST_FILE = UIKitSample/Resources/Info.plist;
				INFOPLIST_KEY_UIApplicationSupportsIndirectInputEvents = YES;
				INFOPLIST_KEY_UILaunchStoryboardName = LaunchScreen;
				INFOPLIST_KEY_UISupportedInterfaceOrientations_iPad = "UIInterfaceOrientationPortrait UIInterfaceOrientationPortraitUpsideDown UIInterfaceOrientationLandscapeLeft UIInterfaceOrientationLandscapeRight";
				INFOPLIST_KEY_UISupportedInterfaceOrientations_iPhone = "UIInterfaceOrientationPortrait UIInterfaceOrientationLandscapeLeft UIInterfaceOrientationLandscapeRight";
				INFOPLIST_KEY_UIUserInterfaceStyle = Light;
				IPHONEOS_DEPLOYMENT_TARGET = 18.2;
				LD_RUNPATH_SEARCH_PATHS = (
					"$(inherited)",
					"@executable_path/Frameworks",
				);
				MARKETING_VERSION = 1.0;
				PRODUCT_BUNDLE_IDENTIFIER = tiagolinhares.UIKitSample.device;
				PRODUCT_NAME = "$(TARGET_NAME)";
				SWIFT_EMIT_LOC_STRINGS = YES;
				SWIFT_VERSION = 5.0;
				TARGETED_DEVICE_FAMILY = "1,2";
			};
			name = Release;
		};
/* End XCBuildConfiguration section */

/* Begin XCConfigurationList section */
		EDD2539A2CE5137E008C2B23 /* Build configuration list for PBXProject "SharpnezDesignSystem" */ = {
			isa = XCConfigurationList;
			buildConfigurations = (
				EDD253AB2CE5137E008C2B23 /* Debug */,
				EDD253AC2CE5137E008C2B23 /* Release */,
			);
			defaultConfigurationIsVisible = 0;
			defaultConfigurationName = Release;
		};
		EDD253A82CE5137E008C2B23 /* Build configuration list for PBXNativeTarget "SharpnezDesignSystem" */ = {
			isa = XCConfigurationList;
			buildConfigurations = (
				EDD253A92CE5137E008C2B23 /* Debug */,
				EDD253AA2CE5137E008C2B23 /* Release */,
			);
			defaultConfigurationIsVisible = 0;
			defaultConfigurationName = Release;
		};
		EDD254062CE51606008C2B23 /* Build configuration list for PBXNativeTarget "SwiftUISample" */ = {
			isa = XCConfigurationList;
			buildConfigurations = (
				EDD254072CE51606008C2B23 /* Debug */,
				EDD254082CE51606008C2B23 /* Release */,
			);
			defaultConfigurationIsVisible = 0;
			defaultConfigurationName = Release;
		};
		F110096F2D1A5597005DFC3F /* Build configuration list for PBXNativeTarget "UIKitSample" */ = {
			isa = XCConfigurationList;
			buildConfigurations = (
				F11009702D1A5597005DFC3F /* Debug */,
				F11009712D1A5597005DFC3F /* Release */,
			);
			defaultConfigurationIsVisible = 0;
			defaultConfigurationName = Release;
		};
/* End XCConfigurationList section */

/* Begin XCRemoteSwiftPackageReference section */
		F1B880722D72095300E8288D /* XCRemoteSwiftPackageReference "CurrencyText" */ = {
			isa = XCRemoteSwiftPackageReference;
			repositoryURL = "https://github.com/TiagoLinharess/CurrencyText.git";
			requirement = {
				branch = main;
				kind = branch;
			};
		};
/* End XCRemoteSwiftPackageReference section */

/* Begin XCSwiftPackageProductDependency section */
		F15321122D720B0700D61490 /* CurrencyText */ = {
			isa = XCSwiftPackageProductDependency;
			package = F1B880722D72095300E8288D /* XCRemoteSwiftPackageReference "CurrencyText" */;
			productName = CurrencyText;
		};
		F15321142D720B0C00D61490 /* CurrencyFormatter */ = {
			isa = XCSwiftPackageProductDependency;
			package = F1B880722D72095300E8288D /* XCRemoteSwiftPackageReference "CurrencyText" */;
			productName = CurrencyFormatter;
		};
		F15321162D720B0C00D61490 /* CurrencyTextSwiftUI */ = {
			isa = XCSwiftPackageProductDependency;
			package = F1B880722D72095300E8288D /* XCRemoteSwiftPackageReference "CurrencyText" */;
			productName = CurrencyTextSwiftUI;
		};
		F1B880752D72096900E8288D /* CurrencyText */ = {
			isa = XCSwiftPackageProductDependency;
			package = F1B880722D72095300E8288D /* XCRemoteSwiftPackageReference "CurrencyText" */;
			productName = CurrencyText;
		};
		F1B880792D7209C500E8288D /* CurrencyFormatter */ = {
			isa = XCSwiftPackageProductDependency;
			package = F1B880722D72095300E8288D /* XCRemoteSwiftPackageReference "CurrencyText" */;
			productName = CurrencyFormatter;
		};
		F1B8807B2D7209C500E8288D /* CurrencyText */ = {
			isa = XCSwiftPackageProductDependency;
			package = F1B880722D72095300E8288D /* XCRemoteSwiftPackageReference "CurrencyText" */;
			productName = CurrencyText;
		};
		F1B8807D2D7209C500E8288D /* CurrencyTextSwiftUI */ = {
			isa = XCSwiftPackageProductDependency;
			package = F1B880722D72095300E8288D /* XCRemoteSwiftPackageReference "CurrencyText" */;
			productName = CurrencyTextSwiftUI;
		};
		F1B8807F2D7209CC00E8288D /* CurrencyFormatter */ = {
			isa = XCSwiftPackageProductDependency;
			package = F1B880722D72095300E8288D /* XCRemoteSwiftPackageReference "CurrencyText" */;
			productName = CurrencyFormatter;
		};
		F1B880812D7209CC00E8288D /* CurrencyText */ = {
			isa = XCSwiftPackageProductDependency;
			package = F1B880722D72095300E8288D /* XCRemoteSwiftPackageReference "CurrencyText" */;
			productName = CurrencyText;
		};
		F1B880832D7209CC00E8288D /* CurrencyTextSwiftUI */ = {
			isa = XCSwiftPackageProductDependency;
			package = F1B880722D72095300E8288D /* XCRemoteSwiftPackageReference "CurrencyText" */;
			productName = CurrencyTextSwiftUI;
		};
/* End XCSwiftPackageProductDependency section */
	};
	rootObject = EDD253972CE5137E008C2B23 /* Project object */;
}
